// !$*UTF8*$!
{
	archiveVersion = 1;
	classes = {
	};
	objectVersion = 51;
	objects = {

/* Begin PBXBuildFile section */
		314635B922EB78B400F522B4 /* UpcomingDaysView.swift in Sources */ = {isa = PBXBuildFile; fileRef = 314635B822EB78B400F522B4 /* UpcomingDaysView.swift */; };
		314635BB22EB8A5000F522B4 /* NextPeriodView.swift in Sources */ = {isa = PBXBuildFile; fileRef = 314635BA22EB8A5000F522B4 /* NextPeriodView.swift */; };
		314635BD22ECBD2C00F522B4 /* SetUpViewController.swift in Sources */ = {isa = PBXBuildFile; fileRef = 314635BC22ECBD2C00F522B4 /* SetUpViewController.swift */; };
		31BB397F22E6B48F004D2DE5 /* AppEntryViewController.swift in Sources */ = {isa = PBXBuildFile; fileRef = 31BB397E22E6B48F004D2DE5 /* AppEntryViewController.swift */; };
		31BB399122E76493004D2DE5 /* SitkaBanner-Bold.ttf in Resources */ = {isa = PBXBuildFile; fileRef = 31BB398D22E76492004D2DE5 /* SitkaBanner-Bold.ttf */; };
		31BB399222E76493004D2DE5 /* SitkaBanner-Italic.ttf in Resources */ = {isa = PBXBuildFile; fileRef = 31BB398E22E76492004D2DE5 /* SitkaBanner-Italic.ttf */; };
		31BB399322E76493004D2DE5 /* SimSun.ttf in Resources */ = {isa = PBXBuildFile; fileRef = 31BB398F22E76492004D2DE5 /* SimSun.ttf */; };
		31BB399422E76493004D2DE5 /* SitkaBanner.ttf in Resources */ = {isa = PBXBuildFile; fileRef = 31BB399022E76492004D2DE5 /* SitkaBanner.ttf */; };
		31BB399622E764A9004D2DE5 /* SitkaBanner-BoldItalic.ttf in Resources */ = {isa = PBXBuildFile; fileRef = 31BB399522E764A9004D2DE5 /* SitkaBanner-BoldItalic.ttf */; };
		31BB399822E8CEEC004D2DE5 /* DailyScheduleCell.swift in Sources */ = {isa = PBXBuildFile; fileRef = 31BB399722E8CEEC004D2DE5 /* DailyScheduleCell.swift */; };
		8A1AEDC722C11598005282FD /* credentials.plist in Resources */ = {isa = PBXBuildFile; fileRef = 8A1AEDC622C11598005282FD /* credentials.plist */; };
		8A1AEDCE22C4148F005282FD /* Event+CoreDataClass.swift in Sources */ = {isa = PBXBuildFile; fileRef = 8A1AEDCC22C4148F005282FD /* Event+CoreDataClass.swift */; };
		8A1AEDCF22C4148F005282FD /* Event+CoreDataProperties.swift in Sources */ = {isa = PBXBuildFile; fileRef = 8A1AEDCD22C4148F005282FD /* Event+CoreDataProperties.swift */; };
		8A1B79FA22BEC0C6006FE52A /* SignInViewController.swift in Sources */ = {isa = PBXBuildFile; fileRef = 8A1B79F922BEC0C6006FE52A /* SignInViewController.swift */; };
		8A1B79FC22BEC2AF006FE52A /* MainTabBarViewController.swift in Sources */ = {isa = PBXBuildFile; fileRef = 8A1B79FB22BEC2AF006FE52A /* MainTabBarViewController.swift */; };
		8A1B7A0822BECAC7006FE52A /* HouseInfoViewController.swift in Sources */ = {isa = PBXBuildFile; fileRef = 8A1B7A0722BECAC7006FE52A /* HouseInfoViewController.swift */; };
		8A1B7A1822BF2995006FE52A /* swipetoright.gif in Resources */ = {isa = PBXBuildFile; fileRef = 8A1B7A1722BF2995006FE52A /* swipetoright.gif */; };
		8A1B7A1C22BF2A7C006FE52A /* swipetoleft.gif in Resources */ = {isa = PBXBuildFile; fileRef = 8A1B7A1B22BF2A7C006FE52A /* swipetoleft.gif */; };
		8A1CF7EE23044E49000E2F6B /* SettingsNotifOnOffButtonView.swift in Sources */ = {isa = PBXBuildFile; fileRef = 8A1CF7ED23044E49000E2F6B /* SettingsNotifOnOffButtonView.swift */; };
		8A1CF7F02304595E000E2F6B /* SettingsSpecificNotifButtonView.swift in Sources */ = {isa = PBXBuildFile; fileRef = 8A1CF7EF2304595E000E2F6B /* SettingsSpecificNotifButtonView.swift */; };
		8A1CF7F223046391000E2F6B /* SettingsDaysBeforeSlider.swift in Sources */ = {isa = PBXBuildFile; fileRef = 8A1CF7F123046391000E2F6B /* SettingsDaysBeforeSlider.swift */; };
		8A1CF7F42304914E000E2F6B /* TabBarToSettings.swift in Sources */ = {isa = PBXBuildFile; fileRef = 8A1CF7F32304914E000E2F6B /* TabBarToSettings.swift */; };
		8A1CF7F623049165000E2F6B /* TabBarToSettingsUnwind.swift in Sources */ = {isa = PBXBuildFile; fileRef = 8A1CF7F523049165000E2F6B /* TabBarToSettingsUnwind.swift */; };
		8A445BB22301AC370020C29B /* AnimatingButtonView.swift in Sources */ = {isa = PBXBuildFile; fileRef = 8A445BB12301AC370020C29B /* AnimatingButtonView.swift */; };
		8A445BB42301ED810020C29B /* LogInToGetStarted.swift in Sources */ = {isa = PBXBuildFile; fileRef = 8A445BB32301ED810020C29B /* LogInToGetStarted.swift */; };
		8A445BB6230216C20020C29B /* GetStartedToSetUp.swift in Sources */ = {isa = PBXBuildFile; fileRef = 8A445BB5230216C20020C29B /* GetStartedToSetUp.swift */; };
		8A445BB82303B5E60020C29B /* SettingsDayNightToggleButtonView.swift in Sources */ = {isa = PBXBuildFile; fileRef = 8A445BB72303B5E60020C29B /* SettingsDayNightToggleButtonView.swift */; };
		8A5F823622D7A00B00443020 /* ToDo_Task+CoreDataClass.swift in Sources */ = {isa = PBXBuildFile; fileRef = 8A5F823222D7A00B00443020 /* ToDo_Task+CoreDataClass.swift */; };
		8A5F823722D7A00B00443020 /* ToDo_Task+CoreDataProperties.swift in Sources */ = {isa = PBXBuildFile; fileRef = 8A5F823322D7A00B00443020 /* ToDo_Task+CoreDataProperties.swift */; };
		8A5F823822D7A00B00443020 /* ToDo_TaskTag+CoreDataClass.swift in Sources */ = {isa = PBXBuildFile; fileRef = 8A5F823422D7A00B00443020 /* ToDo_TaskTag+CoreDataClass.swift */; };
		8A5F823922D7A00B00443020 /* ToDo_TaskTag+CoreDataProperties.swift in Sources */ = {isa = PBXBuildFile; fileRef = 8A5F823522D7A00B00443020 /* ToDo_TaskTag+CoreDataProperties.swift */; };
		8A6780792298C81B00748848 /* EventView.swift in Sources */ = {isa = PBXBuildFile; fileRef = 8A6780782298C81B00748848 /* EventView.swift */; };
		8AA2F04422811FF90091EF0F /* HorizontalRightShiftTransition.swift in Sources */ = {isa = PBXBuildFile; fileRef = 8AA2F04322811FF90091EF0F /* HorizontalRightShiftTransition.swift */; };
		8AA2F046228123890091EF0F /* HorizontalLeftShiftTransition.swift in Sources */ = {isa = PBXBuildFile; fileRef = 8AA2F045228123890091EF0F /* HorizontalLeftShiftTransition.swift */; };
		8ABCA53E2282176000A30D36 /* WeeklySchedule+CoreDataClass.swift in Sources */ = {isa = PBXBuildFile; fileRef = 8ABCA53C2282176000A30D36 /* WeeklySchedule+CoreDataClass.swift */; };
		8ABCA53F2282176000A30D36 /* WeeklySchedule+CoreDataProperties.swift in Sources */ = {isa = PBXBuildFile; fileRef = 8ABCA53D2282176000A30D36 /* WeeklySchedule+CoreDataProperties.swift */; };
		8AD8620D2297824000412EFF /* Util.swift in Sources */ = {isa = PBXBuildFile; fileRef = 8AD8620C2297824000412EFF /* Util.swift */; };
		8AD862122298387600412EFF /* enjoyWeekend.gif in Resources */ = {isa = PBXBuildFile; fileRef = 8AD862112298387600412EFF /* enjoyWeekend.gif */; };
		8AD8621422983D0B00412EFF /* VerticalUpShiftTransition.swift in Sources */ = {isa = PBXBuildFile; fileRef = 8AD8621322983D0B00412EFF /* VerticalUpShiftTransition.swift */; };
		8AD8621622983D1B00412EFF /* VerticalDownShiftTransition.swift in Sources */ = {isa = PBXBuildFile; fileRef = 8AD8621522983D1B00412EFF /* VerticalDownShiftTransition.swift */; };
		8AD8621822984A3500412EFF /* HorizontalRightShiftTransitionUnwind.swift in Sources */ = {isa = PBXBuildFile; fileRef = 8AD8621722984A3500412EFF /* HorizontalRightShiftTransitionUnwind.swift */; };
		8AD8621A22984A5E00412EFF /* HorizontalLeftShiftTransitionUnwind.swift in Sources */ = {isa = PBXBuildFile; fileRef = 8AD8621922984A5E00412EFF /* HorizontalLeftShiftTransitionUnwind.swift */; };
		8AD8621C22984A9600412EFF /* VerticalUpShiftTransitionUnwind.swift in Sources */ = {isa = PBXBuildFile; fileRef = 8AD8621B22984A9600412EFF /* VerticalUpShiftTransitionUnwind.swift */; };
		8AD8621E22984AB800412EFF /* VerticallyDownShiftTransitionUnwind.swift in Sources */ = {isa = PBXBuildFile; fileRef = 8AD8621D22984AB800412EFF /* VerticallyDownShiftTransitionUnwind.swift */; };
		8AEA785122851D5C0031B030 /* UserDataSettings.swift in Sources */ = {isa = PBXBuildFile; fileRef = 8AEA785022851D5C0031B030 /* UserDataSettings.swift */; };
		9FAAD7682A236CC5AF07371A /* Pods_TimeStamp.framework in Frameworks */ = {isa = PBXBuildFile; fileRef = 4944988DE91BDAF41825C6A0 /* Pods_TimeStamp.framework */; };
		CE146D972280BD9900B3922D /* Settings+CoreDataClass.swift in Sources */ = {isa = PBXBuildFile; fileRef = CE146D952280BD9900B3922D /* Settings+CoreDataClass.swift */; };
		CE146D982280BD9900B3922D /* Settings+CoreDataProperties.swift in Sources */ = {isa = PBXBuildFile; fileRef = CE146D962280BD9900B3922D /* Settings+CoreDataProperties.swift */; };
		CE2D71492280C71E00F4D89A /* TimeStampModel.xcdatamodeld in Sources */ = {isa = PBXBuildFile; fileRef = CE2D71472280C71E00F4D89A /* TimeStampModel.xcdatamodeld */; };
		CE3A513C22E8F3E90056E536 /* NewsViewController.swift in Sources */ = {isa = PBXBuildFile; fileRef = CE3A513B22E8F3E90056E536 /* NewsViewController.swift */; };
		CE69342D230C805400006C3F /* PublicationViewController.swift in Sources */ = {isa = PBXBuildFile; fileRef = CE69342C230C805400006C3F /* PublicationViewController.swift */; };
		CE69342F230C8E2D00006C3F /* PublicationTableViewCell.swift in Sources */ = {isa = PBXBuildFile; fileRef = CE69342E230C8E2D00006C3F /* PublicationTableViewCell.swift */; };
		CE8F9B8C2312E51100EE4B54 /* Article+CoreDataClass.swift in Sources */ = {isa = PBXBuildFile; fileRef = CE8F9B8A2312E51100EE4B54 /* Article+CoreDataClass.swift */; };
		CE8F9B8D2312E51100EE4B54 /* Article+CoreDataProperties.swift in Sources */ = {isa = PBXBuildFile; fileRef = CE8F9B8B2312E51100EE4B54 /* Article+CoreDataProperties.swift */; };
		CE927FF4227A0BCD00EE0A22 /* UserTimetable.swift in Sources */ = {isa = PBXBuildFile; fileRef = CE927FEE227A0BCD00EE0A22 /* UserTimetable.swift */; };
		CE927FF7227A0BCD00EE0A22 /* PeriodView.swift in Sources */ = {isa = PBXBuildFile; fileRef = CE927FF1227A0BCD00EE0A22 /* PeriodView.swift */; };
		CE927FF8227A0BCD00EE0A22 /* RepeatingTimer.swift in Sources */ = {isa = PBXBuildFile; fileRef = CE927FF2227A0BCD00EE0A22 /* RepeatingTimer.swift */; };
		CE927FF9227A0BCD00EE0A22 /* ScheduleView.swift in Sources */ = {isa = PBXBuildFile; fileRef = CE927FF3227A0BCD00EE0A22 /* ScheduleView.swift */; };
		CE927FFB227A0EFB00EE0A22 /* GoogleService-Info.plist in Resources */ = {isa = PBXBuildFile; fileRef = CE927FFA227A0EFB00EE0A22 /* GoogleService-Info.plist */; };
		CEAD94522310818F001C2FDA /* NewsPageTableViewCell.swift in Sources */ = {isa = PBXBuildFile; fileRef = CEAD94512310818F001C2FDA /* NewsPageTableViewCell.swift */; };
		CEC26E00227B3E9E00FFFC67 /* CoreDataStack.swift in Sources */ = {isa = PBXBuildFile; fileRef = CEC26DF7227B3E9E00FFFC67 /* CoreDataStack.swift */; };
		CEC26E01227B3E9E00FFFC67 /* Schedule+CoreDataProperties.swift in Sources */ = {isa = PBXBuildFile; fileRef = CEC26DF8227B3E9E00FFFC67 /* Schedule+CoreDataProperties.swift */; };
		CEC26E02227B3E9E00FFFC67 /* Timetable+CoreDataProperties.swift in Sources */ = {isa = PBXBuildFile; fileRef = CEC26DF9227B3E9E00FFFC67 /* Timetable+CoreDataProperties.swift */; };
		CEC26E03227B3E9E00FFFC67 /* FlipDay+CoreDataClass.swift in Sources */ = {isa = PBXBuildFile; fileRef = CEC26DFA227B3E9E00FFFC67 /* FlipDay+CoreDataClass.swift */; };
		CEC26E04227B3E9E00FFFC67 /* FlipDay+CoreDataProperties.swift in Sources */ = {isa = PBXBuildFile; fileRef = CEC26DFB227B3E9E00FFFC67 /* FlipDay+CoreDataProperties.swift */; };
		CEC26E05227B3E9E00FFFC67 /* Schedule+CoreDataClass.swift in Sources */ = {isa = PBXBuildFile; fileRef = CEC26DFC227B3E9E00FFFC67 /* Schedule+CoreDataClass.swift */; };
		CEC26E06227B3E9E00FFFC67 /* Timetable+CoreDataClass.swift in Sources */ = {isa = PBXBuildFile; fileRef = CEC26DFD227B3E9E00FFFC67 /* Timetable+CoreDataClass.swift */; };
		CEC26E07227B3E9E00FFFC67 /* Period+CoreDataProperties.swift in Sources */ = {isa = PBXBuildFile; fileRef = CEC26DFE227B3E9E00FFFC67 /* Period+CoreDataProperties.swift */; };
		CEC26E08227B3E9E00FFFC67 /* Period+CoreDataClass.swift in Sources */ = {isa = PBXBuildFile; fileRef = CEC26DFF227B3E9E00FFFC67 /* Period+CoreDataClass.swift */; };
		CED50C0022EF2D1A00FC4851 /* ArticleViewController.swift in Sources */ = {isa = PBXBuildFile; fileRef = CED50BFF22EF2D1A00FC4851 /* ArticleViewController.swift */; };
		CEDC433222760BBE00A78890 /* AppDelegate.swift in Sources */ = {isa = PBXBuildFile; fileRef = CEDC433122760BBE00A78890 /* AppDelegate.swift */; };
		CEDC433422760BBE00A78890 /* GetStartedViewController.swift in Sources */ = {isa = PBXBuildFile; fileRef = CEDC433322760BBE00A78890 /* GetStartedViewController.swift */; };
		CEDC433722760BBE00A78890 /* Main.storyboard in Resources */ = {isa = PBXBuildFile; fileRef = CEDC433522760BBE00A78890 /* Main.storyboard */; };
		CEDC433C22760BC000A78890 /* Assets.xcassets in Resources */ = {isa = PBXBuildFile; fileRef = CEDC433B22760BC000A78890 /* Assets.xcassets */; };
		CEDC433F22760BC000A78890 /* LaunchScreen.storyboard in Resources */ = {isa = PBXBuildFile; fileRef = CEDC433D22760BC000A78890 /* LaunchScreen.storyboard */; };
		CEDC434C2276130900A78890 /* Segoe UI Bold Italic.ttf in Resources */ = {isa = PBXBuildFile; fileRef = CEDC43482276130900A78890 /* Segoe UI Bold Italic.ttf */; };
		CEDC434D2276130900A78890 /* Segoe UI Italic.ttf in Resources */ = {isa = PBXBuildFile; fileRef = CEDC43492276130900A78890 /* Segoe UI Italic.ttf */; };
		CEDC434E2276130900A78890 /* Segoe UI Bold.ttf in Resources */ = {isa = PBXBuildFile; fileRef = CEDC434A2276130900A78890 /* Segoe UI Bold.ttf */; };
		CEDC434F2276130900A78890 /* Segoe UI.ttf in Resources */ = {isa = PBXBuildFile; fileRef = CEDC434B2276130900A78890 /* Segoe UI.ttf */; };
		CEDC435B22773F8400A78890 /* MainPageViewController.swift in Sources */ = {isa = PBXBuildFile; fileRef = CEDC435A22773F8400A78890 /* MainPageViewController.swift */; };
		CEDC435D22773FAC00A78890 /* ScheduleViewController.swift in Sources */ = {isa = PBXBuildFile; fileRef = CEDC435C22773FAC00A78890 /* ScheduleViewController.swift */; };
		CEDC435F22775DFA00A78890 /* SettingsViewController.swift in Sources */ = {isa = PBXBuildFile; fileRef = CEDC435E22775DFA00A78890 /* SettingsViewController.swift */; };
/* End PBXBuildFile section */

/* Begin PBXFileReference section */
		314635B822EB78B400F522B4 /* UpcomingDaysView.swift */ = {isa = PBXFileReference; lastKnownFileType = sourcecode.swift; path = UpcomingDaysView.swift; sourceTree = "<group>"; };
		314635BA22EB8A5000F522B4 /* NextPeriodView.swift */ = {isa = PBXFileReference; lastKnownFileType = sourcecode.swift; path = NextPeriodView.swift; sourceTree = "<group>"; };
		314635BC22ECBD2C00F522B4 /* SetUpViewController.swift */ = {isa = PBXFileReference; lastKnownFileType = sourcecode.swift; path = SetUpViewController.swift; sourceTree = "<group>"; };
		31BB397E22E6B48F004D2DE5 /* AppEntryViewController.swift */ = {isa = PBXFileReference; lastKnownFileType = sourcecode.swift; path = AppEntryViewController.swift; sourceTree = "<group>"; };
		31BB398D22E76492004D2DE5 /* SitkaBanner-Bold.ttf */ = {isa = PBXFileReference; lastKnownFileType = file; path = "SitkaBanner-Bold.ttf"; sourceTree = "<group>"; };
		31BB398E22E76492004D2DE5 /* SitkaBanner-Italic.ttf */ = {isa = PBXFileReference; lastKnownFileType = file; path = "SitkaBanner-Italic.ttf"; sourceTree = "<group>"; };
		31BB398F22E76492004D2DE5 /* SimSun.ttf */ = {isa = PBXFileReference; lastKnownFileType = file; path = SimSun.ttf; sourceTree = "<group>"; };
		31BB399022E76492004D2DE5 /* SitkaBanner.ttf */ = {isa = PBXFileReference; lastKnownFileType = file; path = SitkaBanner.ttf; sourceTree = "<group>"; };
		31BB399522E764A9004D2DE5 /* SitkaBanner-BoldItalic.ttf */ = {isa = PBXFileReference; lastKnownFileType = file; path = "SitkaBanner-BoldItalic.ttf"; sourceTree = "<group>"; };
		31BB399722E8CEEC004D2DE5 /* DailyScheduleCell.swift */ = {isa = PBXFileReference; lastKnownFileType = sourcecode.swift; path = DailyScheduleCell.swift; sourceTree = "<group>"; };
		3D9C7440C79988B274B1F14A /* Pods-TimeStamp.release.xcconfig */ = {isa = PBXFileReference; includeInIndex = 1; lastKnownFileType = text.xcconfig; name = "Pods-TimeStamp.release.xcconfig"; path = "Target Support Files/Pods-TimeStamp/Pods-TimeStamp.release.xcconfig"; sourceTree = "<group>"; };
		4944988DE91BDAF41825C6A0 /* Pods_TimeStamp.framework */ = {isa = PBXFileReference; explicitFileType = wrapper.framework; includeInIndex = 0; path = Pods_TimeStamp.framework; sourceTree = BUILT_PRODUCTS_DIR; };
		7C118D26195145B6F602CD7A /* Pods-TimeStamp.debug.xcconfig */ = {isa = PBXFileReference; includeInIndex = 1; lastKnownFileType = text.xcconfig; name = "Pods-TimeStamp.debug.xcconfig"; path = "Target Support Files/Pods-TimeStamp/Pods-TimeStamp.debug.xcconfig"; sourceTree = "<group>"; };
		8A1AEDC622C11598005282FD /* credentials.plist */ = {isa = PBXFileReference; fileEncoding = 4; lastKnownFileType = text.plist.xml; path = credentials.plist; sourceTree = "<group>"; };
		8A1AEDCC22C4148F005282FD /* Event+CoreDataClass.swift */ = {isa = PBXFileReference; lastKnownFileType = sourcecode.swift; path = "Event+CoreDataClass.swift"; sourceTree = "<group>"; };
		8A1AEDCD22C4148F005282FD /* Event+CoreDataProperties.swift */ = {isa = PBXFileReference; lastKnownFileType = sourcecode.swift; path = "Event+CoreDataProperties.swift"; sourceTree = "<group>"; };
		8A1B79F922BEC0C6006FE52A /* SignInViewController.swift */ = {isa = PBXFileReference; lastKnownFileType = sourcecode.swift; path = SignInViewController.swift; sourceTree = "<group>"; };
		8A1B79FB22BEC2AF006FE52A /* MainTabBarViewController.swift */ = {isa = PBXFileReference; lastKnownFileType = sourcecode.swift; path = MainTabBarViewController.swift; sourceTree = "<group>"; };
		8A1B7A0722BECAC7006FE52A /* HouseInfoViewController.swift */ = {isa = PBXFileReference; lastKnownFileType = sourcecode.swift; path = HouseInfoViewController.swift; sourceTree = "<group>"; };
		8A1B7A1722BF2995006FE52A /* swipetoright.gif */ = {isa = PBXFileReference; lastKnownFileType = image.gif; path = swipetoright.gif; sourceTree = "<group>"; };
		8A1B7A1B22BF2A7C006FE52A /* swipetoleft.gif */ = {isa = PBXFileReference; lastKnownFileType = image.gif; path = swipetoleft.gif; sourceTree = "<group>"; };
		8A1CF7ED23044E49000E2F6B /* SettingsNotifOnOffButtonView.swift */ = {isa = PBXFileReference; lastKnownFileType = sourcecode.swift; path = SettingsNotifOnOffButtonView.swift; sourceTree = "<group>"; };
		8A1CF7EF2304595E000E2F6B /* SettingsSpecificNotifButtonView.swift */ = {isa = PBXFileReference; lastKnownFileType = sourcecode.swift; path = SettingsSpecificNotifButtonView.swift; sourceTree = "<group>"; };
		8A1CF7F123046391000E2F6B /* SettingsDaysBeforeSlider.swift */ = {isa = PBXFileReference; lastKnownFileType = sourcecode.swift; path = SettingsDaysBeforeSlider.swift; sourceTree = "<group>"; };
		8A1CF7F32304914E000E2F6B /* TabBarToSettings.swift */ = {isa = PBXFileReference; lastKnownFileType = sourcecode.swift; path = TabBarToSettings.swift; sourceTree = "<group>"; };
		8A1CF7F523049165000E2F6B /* TabBarToSettingsUnwind.swift */ = {isa = PBXFileReference; lastKnownFileType = sourcecode.swift; path = TabBarToSettingsUnwind.swift; sourceTree = "<group>"; };
		8A445BB12301AC370020C29B /* AnimatingButtonView.swift */ = {isa = PBXFileReference; lastKnownFileType = sourcecode.swift; path = AnimatingButtonView.swift; sourceTree = "<group>"; };
		8A445BB32301ED810020C29B /* LogInToGetStarted.swift */ = {isa = PBXFileReference; lastKnownFileType = sourcecode.swift; path = LogInToGetStarted.swift; sourceTree = "<group>"; };
		8A445BB5230216C20020C29B /* GetStartedToSetUp.swift */ = {isa = PBXFileReference; lastKnownFileType = sourcecode.swift; path = GetStartedToSetUp.swift; sourceTree = "<group>"; };
		8A445BB72303B5E60020C29B /* SettingsDayNightToggleButtonView.swift */ = {isa = PBXFileReference; lastKnownFileType = sourcecode.swift; path = SettingsDayNightToggleButtonView.swift; sourceTree = "<group>"; };
		8A5F823222D7A00B00443020 /* ToDo_Task+CoreDataClass.swift */ = {isa = PBXFileReference; lastKnownFileType = sourcecode.swift; path = "ToDo_Task+CoreDataClass.swift"; sourceTree = "<group>"; };
		8A5F823322D7A00B00443020 /* ToDo_Task+CoreDataProperties.swift */ = {isa = PBXFileReference; lastKnownFileType = sourcecode.swift; path = "ToDo_Task+CoreDataProperties.swift"; sourceTree = "<group>"; };
		8A5F823422D7A00B00443020 /* ToDo_TaskTag+CoreDataClass.swift */ = {isa = PBXFileReference; lastKnownFileType = sourcecode.swift; path = "ToDo_TaskTag+CoreDataClass.swift"; sourceTree = "<group>"; };
		8A5F823522D7A00B00443020 /* ToDo_TaskTag+CoreDataProperties.swift */ = {isa = PBXFileReference; lastKnownFileType = sourcecode.swift; path = "ToDo_TaskTag+CoreDataProperties.swift"; sourceTree = "<group>"; };
		8A6780782298C81B00748848 /* EventView.swift */ = {isa = PBXFileReference; lastKnownFileType = sourcecode.swift; path = EventView.swift; sourceTree = "<group>"; };
		8AA2F04322811FF90091EF0F /* HorizontalRightShiftTransition.swift */ = {isa = PBXFileReference; lastKnownFileType = sourcecode.swift; path = HorizontalRightShiftTransition.swift; sourceTree = "<group>"; };
		8AA2F045228123890091EF0F /* HorizontalLeftShiftTransition.swift */ = {isa = PBXFileReference; lastKnownFileType = sourcecode.swift; path = HorizontalLeftShiftTransition.swift; sourceTree = "<group>"; };
		8ABCA53C2282176000A30D36 /* WeeklySchedule+CoreDataClass.swift */ = {isa = PBXFileReference; lastKnownFileType = sourcecode.swift; path = "WeeklySchedule+CoreDataClass.swift"; sourceTree = "<group>"; };
		8ABCA53D2282176000A30D36 /* WeeklySchedule+CoreDataProperties.swift */ = {isa = PBXFileReference; lastKnownFileType = sourcecode.swift; path = "WeeklySchedule+CoreDataProperties.swift"; sourceTree = "<group>"; };
		8AD8620C2297824000412EFF /* Util.swift */ = {isa = PBXFileReference; lastKnownFileType = sourcecode.swift; path = Util.swift; sourceTree = "<group>"; };
		8AD862112298387600412EFF /* enjoyWeekend.gif */ = {isa = PBXFileReference; lastKnownFileType = image.gif; path = enjoyWeekend.gif; sourceTree = "<group>"; };
		8AD8621322983D0B00412EFF /* VerticalUpShiftTransition.swift */ = {isa = PBXFileReference; lastKnownFileType = sourcecode.swift; path = VerticalUpShiftTransition.swift; sourceTree = "<group>"; };
		8AD8621522983D1B00412EFF /* VerticalDownShiftTransition.swift */ = {isa = PBXFileReference; lastKnownFileType = sourcecode.swift; path = VerticalDownShiftTransition.swift; sourceTree = "<group>"; };
		8AD8621722984A3500412EFF /* HorizontalRightShiftTransitionUnwind.swift */ = {isa = PBXFileReference; lastKnownFileType = sourcecode.swift; path = HorizontalRightShiftTransitionUnwind.swift; sourceTree = "<group>"; };
		8AD8621922984A5E00412EFF /* HorizontalLeftShiftTransitionUnwind.swift */ = {isa = PBXFileReference; lastKnownFileType = sourcecode.swift; path = HorizontalLeftShiftTransitionUnwind.swift; sourceTree = "<group>"; };
		8AD8621B22984A9600412EFF /* VerticalUpShiftTransitionUnwind.swift */ = {isa = PBXFileReference; lastKnownFileType = sourcecode.swift; path = VerticalUpShiftTransitionUnwind.swift; sourceTree = "<group>"; };
		8AD8621D22984AB800412EFF /* VerticallyDownShiftTransitionUnwind.swift */ = {isa = PBXFileReference; lastKnownFileType = sourcecode.swift; path = VerticallyDownShiftTransitionUnwind.swift; sourceTree = "<group>"; };
		8AEA785022851D5C0031B030 /* UserDataSettings.swift */ = {isa = PBXFileReference; lastKnownFileType = sourcecode.swift; path = UserDataSettings.swift; sourceTree = "<group>"; };
		CE146D952280BD9900B3922D /* Settings+CoreDataClass.swift */ = {isa = PBXFileReference; lastKnownFileType = sourcecode.swift; path = "Settings+CoreDataClass.swift"; sourceTree = "<group>"; };
		CE146D962280BD9900B3922D /* Settings+CoreDataProperties.swift */ = {isa = PBXFileReference; lastKnownFileType = sourcecode.swift; path = "Settings+CoreDataProperties.swift"; sourceTree = "<group>"; };
		CE2D71482280C71E00F4D89A /* TimeStampModel.xcdatamodel */ = {isa = PBXFileReference; lastKnownFileType = wrapper.xcdatamodel; path = TimeStampModel.xcdatamodel; sourceTree = "<group>"; };
		CE3A513B22E8F3E90056E536 /* NewsViewController.swift */ = {isa = PBXFileReference; lastKnownFileType = sourcecode.swift; path = NewsViewController.swift; sourceTree = "<group>"; };
		CE69342C230C805400006C3F /* PublicationViewController.swift */ = {isa = PBXFileReference; lastKnownFileType = sourcecode.swift; path = PublicationViewController.swift; sourceTree = "<group>"; };
		CE69342E230C8E2D00006C3F /* PublicationTableViewCell.swift */ = {isa = PBXFileReference; lastKnownFileType = sourcecode.swift; path = PublicationTableViewCell.swift; sourceTree = "<group>"; };
		CE8F9B8A2312E51100EE4B54 /* Article+CoreDataClass.swift */ = {isa = PBXFileReference; lastKnownFileType = sourcecode.swift; path = "Article+CoreDataClass.swift"; sourceTree = "<group>"; };
		CE8F9B8B2312E51100EE4B54 /* Article+CoreDataProperties.swift */ = {isa = PBXFileReference; lastKnownFileType = sourcecode.swift; path = "Article+CoreDataProperties.swift"; sourceTree = "<group>"; };
		CE927FEE227A0BCD00EE0A22 /* UserTimetable.swift */ = {isa = PBXFileReference; fileEncoding = 4; lastKnownFileType = sourcecode.swift; path = UserTimetable.swift; sourceTree = "<group>"; };
		CE927FF1227A0BCD00EE0A22 /* PeriodView.swift */ = {isa = PBXFileReference; fileEncoding = 4; lastKnownFileType = sourcecode.swift; path = PeriodView.swift; sourceTree = "<group>"; };
		CE927FF2227A0BCD00EE0A22 /* RepeatingTimer.swift */ = {isa = PBXFileReference; fileEncoding = 4; lastKnownFileType = sourcecode.swift; path = RepeatingTimer.swift; sourceTree = "<group>"; };
		CE927FF3227A0BCD00EE0A22 /* ScheduleView.swift */ = {isa = PBXFileReference; fileEncoding = 4; lastKnownFileType = sourcecode.swift; path = ScheduleView.swift; sourceTree = "<group>"; };
		CE927FFA227A0EFB00EE0A22 /* GoogleService-Info.plist */ = {isa = PBXFileReference; fileEncoding = 4; lastKnownFileType = text.plist.xml; path = "GoogleService-Info.plist"; sourceTree = "<group>"; };
		CEAD94512310818F001C2FDA /* NewsPageTableViewCell.swift */ = {isa = PBXFileReference; lastKnownFileType = sourcecode.swift; path = NewsPageTableViewCell.swift; sourceTree = "<group>"; };
		CEC26DF7227B3E9E00FFFC67 /* CoreDataStack.swift */ = {isa = PBXFileReference; fileEncoding = 4; lastKnownFileType = sourcecode.swift; path = CoreDataStack.swift; sourceTree = "<group>"; };
		CEC26DF8227B3E9E00FFFC67 /* Schedule+CoreDataProperties.swift */ = {isa = PBXFileReference; fileEncoding = 4; lastKnownFileType = sourcecode.swift; path = "Schedule+CoreDataProperties.swift"; sourceTree = "<group>"; };
		CEC26DF9227B3E9E00FFFC67 /* Timetable+CoreDataProperties.swift */ = {isa = PBXFileReference; fileEncoding = 4; lastKnownFileType = sourcecode.swift; path = "Timetable+CoreDataProperties.swift"; sourceTree = "<group>"; };
		CEC26DFA227B3E9E00FFFC67 /* FlipDay+CoreDataClass.swift */ = {isa = PBXFileReference; fileEncoding = 4; lastKnownFileType = sourcecode.swift; path = "FlipDay+CoreDataClass.swift"; sourceTree = "<group>"; };
		CEC26DFB227B3E9E00FFFC67 /* FlipDay+CoreDataProperties.swift */ = {isa = PBXFileReference; fileEncoding = 4; lastKnownFileType = sourcecode.swift; path = "FlipDay+CoreDataProperties.swift"; sourceTree = "<group>"; };
		CEC26DFC227B3E9E00FFFC67 /* Schedule+CoreDataClass.swift */ = {isa = PBXFileReference; fileEncoding = 4; lastKnownFileType = sourcecode.swift; path = "Schedule+CoreDataClass.swift"; sourceTree = "<group>"; };
		CEC26DFD227B3E9E00FFFC67 /* Timetable+CoreDataClass.swift */ = {isa = PBXFileReference; fileEncoding = 4; lastKnownFileType = sourcecode.swift; path = "Timetable+CoreDataClass.swift"; sourceTree = "<group>"; };
		CEC26DFE227B3E9E00FFFC67 /* Period+CoreDataProperties.swift */ = {isa = PBXFileReference; fileEncoding = 4; lastKnownFileType = sourcecode.swift; path = "Period+CoreDataProperties.swift"; sourceTree = "<group>"; };
		CEC26DFF227B3E9E00FFFC67 /* Period+CoreDataClass.swift */ = {isa = PBXFileReference; fileEncoding = 4; lastKnownFileType = sourcecode.swift; path = "Period+CoreDataClass.swift"; sourceTree = "<group>"; };
		CED50BFF22EF2D1A00FC4851 /* ArticleViewController.swift */ = {isa = PBXFileReference; lastKnownFileType = sourcecode.swift; path = ArticleViewController.swift; sourceTree = "<group>"; };
		CEDC432E22760BBE00A78890 /* TimeStamp.app */ = {isa = PBXFileReference; explicitFileType = wrapper.application; includeInIndex = 0; path = TimeStamp.app; sourceTree = BUILT_PRODUCTS_DIR; };
		CEDC433122760BBE00A78890 /* AppDelegate.swift */ = {isa = PBXFileReference; lastKnownFileType = sourcecode.swift; path = AppDelegate.swift; sourceTree = "<group>"; };
		CEDC433322760BBE00A78890 /* GetStartedViewController.swift */ = {isa = PBXFileReference; lastKnownFileType = sourcecode.swift; path = GetStartedViewController.swift; sourceTree = "<group>"; };
		CEDC433622760BBE00A78890 /* Base */ = {isa = PBXFileReference; lastKnownFileType = file.storyboard; name = Base; path = Base.lproj/Main.storyboard; sourceTree = "<group>"; };
		CEDC433B22760BC000A78890 /* Assets.xcassets */ = {isa = PBXFileReference; lastKnownFileType = folder.assetcatalog; path = Assets.xcassets; sourceTree = "<group>"; };
		CEDC433E22760BC000A78890 /* Base */ = {isa = PBXFileReference; lastKnownFileType = file.storyboard; name = Base; path = Base.lproj/LaunchScreen.storyboard; sourceTree = "<group>"; };
		CEDC434022760BC000A78890 /* Info.plist */ = {isa = PBXFileReference; lastKnownFileType = text.plist.xml; path = Info.plist; sourceTree = "<group>"; };
		CEDC43482276130900A78890 /* Segoe UI Bold Italic.ttf */ = {isa = PBXFileReference; lastKnownFileType = file; path = "Segoe UI Bold Italic.ttf"; sourceTree = "<group>"; };
		CEDC43492276130900A78890 /* Segoe UI Italic.ttf */ = {isa = PBXFileReference; lastKnownFileType = file; path = "Segoe UI Italic.ttf"; sourceTree = "<group>"; };
		CEDC434A2276130900A78890 /* Segoe UI Bold.ttf */ = {isa = PBXFileReference; lastKnownFileType = file; path = "Segoe UI Bold.ttf"; sourceTree = "<group>"; };
		CEDC434B2276130900A78890 /* Segoe UI.ttf */ = {isa = PBXFileReference; lastKnownFileType = file; path = "Segoe UI.ttf"; sourceTree = "<group>"; };
		CEDC435A22773F8400A78890 /* MainPageViewController.swift */ = {isa = PBXFileReference; lastKnownFileType = sourcecode.swift; path = MainPageViewController.swift; sourceTree = "<group>"; };
		CEDC435C22773FAC00A78890 /* ScheduleViewController.swift */ = {isa = PBXFileReference; lastKnownFileType = sourcecode.swift; path = ScheduleViewController.swift; sourceTree = "<group>"; };
		CEDC435E22775DFA00A78890 /* SettingsViewController.swift */ = {isa = PBXFileReference; lastKnownFileType = sourcecode.swift; path = SettingsViewController.swift; sourceTree = "<group>"; };
/* End PBXFileReference section */

/* Begin PBXFrameworksBuildPhase section */
		CEDC432B22760BBE00A78890 /* Frameworks */ = {
			isa = PBXFrameworksBuildPhase;
			buildActionMask = 2147483647;
			files = (
				9FAAD7682A236CC5AF07371A /* Pods_TimeStamp.framework in Frameworks */,
			);
			runOnlyForDeploymentPostprocessing = 0;
		};
/* End PBXFrameworksBuildPhase section */

/* Begin PBXGroup section */
		133CB3ABD3787B4CDE403165 /* Pods */ = {
			isa = PBXGroup;
			children = (
				7C118D26195145B6F602CD7A /* Pods-TimeStamp.debug.xcconfig */,
				3D9C7440C79988B274B1F14A /* Pods-TimeStamp.release.xcconfig */,
			);
			name = Pods;
			path = ../../Pods;
			sourceTree = "<group>";
		};
		28BF922CBA030C6153F5E5F6 /* Frameworks */ = {
			isa = PBXGroup;
			children = (
				4944988DE91BDAF41825C6A0 /* Pods_TimeStamp.framework */,
			);
			name = Frameworks;
			sourceTree = "<group>";
		};
		8A5F821F22D4505B00443020 /* Models */ = {
			isa = PBXGroup;
			children = (
				CE69342E230C8E2D00006C3F /* PublicationTableViewCell.swift */,
				CEAD94512310818F001C2FDA /* NewsPageTableViewCell.swift */,
			);
			path = Models;
			sourceTree = "<group>";
		};
		8A5F822022D4506700443020 /* Views */ = {
			isa = PBXGroup;
			children = (
				CE927FF1227A0BCD00EE0A22 /* PeriodView.swift */,
				8A445BB12301AC370020C29B /* AnimatingButtonView.swift */,
				314635B822EB78B400F522B4 /* UpcomingDaysView.swift */,
				314635BA22EB8A5000F522B4 /* NextPeriodView.swift */,
				8A6780782298C81B00748848 /* EventView.swift */,
				CE927FF3227A0BCD00EE0A22 /* ScheduleView.swift */,
				31BB399722E8CEEC004D2DE5 /* DailyScheduleCell.swift */,
				8A445BB72303B5E60020C29B /* SettingsDayNightToggleButtonView.swift */,
				8A1CF7F123046391000E2F6B /* SettingsDaysBeforeSlider.swift */,
				8A1CF7ED23044E49000E2F6B /* SettingsNotifOnOffButtonView.swift */,
				8A1CF7EF2304595E000E2F6B /* SettingsSpecificNotifButtonView.swift */,
			);
			path = Views;
			sourceTree = "<group>";
		};
		8AD862102298385E00412EFF /* GIFs */ = {
			isa = PBXGroup;
			children = (
				8AD862112298387600412EFF /* enjoyWeekend.gif */,
				8A1B7A1722BF2995006FE52A /* swipetoright.gif */,
				8A1B7A1B22BF2A7C006FE52A /* swipetoleft.gif */,
			);
			path = GIFs;
			sourceTree = "<group>";
		};
		8AD8621F22984ACB00412EFF /* Custom Segues */ = {
			isa = PBXGroup;
			children = (
				8AA2F04322811FF90091EF0F /* HorizontalRightShiftTransition.swift */,
				8A445BB32301ED810020C29B /* LogInToGetStarted.swift */,
				8A1CF7F32304914E000E2F6B /* TabBarToSettings.swift */,
				8A1CF7F523049165000E2F6B /* TabBarToSettingsUnwind.swift */,
				8A445BB5230216C20020C29B /* GetStartedToSetUp.swift */,
				8AD8621722984A3500412EFF /* HorizontalRightShiftTransitionUnwind.swift */,
				8AA2F045228123890091EF0F /* HorizontalLeftShiftTransition.swift */,
				8AD8621922984A5E00412EFF /* HorizontalLeftShiftTransitionUnwind.swift */,
				8AD8621322983D0B00412EFF /* VerticalUpShiftTransition.swift */,
				8AD8621B22984A9600412EFF /* VerticalUpShiftTransitionUnwind.swift */,
				8AD8621522983D1B00412EFF /* VerticalDownShiftTransition.swift */,
				8AD8621D22984AB800412EFF /* VerticallyDownShiftTransitionUnwind.swift */,
			);
			path = "Custom Segues";
			sourceTree = "<group>";
		};
		CE927FED227A0BB200EE0A22 /* Custom Classes */ = {
			isa = PBXGroup;
			children = (
				8AD8620C2297824000412EFF /* Util.swift */,
				CE927FF2227A0BCD00EE0A22 /* RepeatingTimer.swift */,
				CE927FEE227A0BCD00EE0A22 /* UserTimetable.swift */,
				8AEA785022851D5C0031B030 /* UserDataSettings.swift */,
				8AD8621F22984ACB00412EFF /* Custom Segues */,
			);
			path = "Custom Classes";
			sourceTree = "<group>";
		};
		CEC26DF6227B3E9E00FFFC67 /* Data */ = {
			isa = PBXGroup;
			children = (
				CE8F9B8A2312E51100EE4B54 /* Article+CoreDataClass.swift */,
				CE8F9B8B2312E51100EE4B54 /* Article+CoreDataProperties.swift */,
				8A5F823222D7A00B00443020 /* ToDo_Task+CoreDataClass.swift */,
				8A5F823322D7A00B00443020 /* ToDo_Task+CoreDataProperties.swift */,
				8A5F823422D7A00B00443020 /* ToDo_TaskTag+CoreDataClass.swift */,
				8A5F823522D7A00B00443020 /* ToDo_TaskTag+CoreDataProperties.swift */,
				8A1AEDCC22C4148F005282FD /* Event+CoreDataClass.swift */,
				8A1AEDCD22C4148F005282FD /* Event+CoreDataProperties.swift */,
				8ABCA53C2282176000A30D36 /* WeeklySchedule+CoreDataClass.swift */,
				8ABCA53D2282176000A30D36 /* WeeklySchedule+CoreDataProperties.swift */,
				CE146D952280BD9900B3922D /* Settings+CoreDataClass.swift */,
				CE146D962280BD9900B3922D /* Settings+CoreDataProperties.swift */,
				CEC26DF7227B3E9E00FFFC67 /* CoreDataStack.swift */,
				CEC26DF8227B3E9E00FFFC67 /* Schedule+CoreDataProperties.swift */,
				CEC26DF9227B3E9E00FFFC67 /* Timetable+CoreDataProperties.swift */,
				CEC26DFA227B3E9E00FFFC67 /* FlipDay+CoreDataClass.swift */,
				CEC26DFB227B3E9E00FFFC67 /* FlipDay+CoreDataProperties.swift */,
				CEC26DFC227B3E9E00FFFC67 /* Schedule+CoreDataClass.swift */,
				CEC26DFD227B3E9E00FFFC67 /* Timetable+CoreDataClass.swift */,
				CEC26DFE227B3E9E00FFFC67 /* Period+CoreDataProperties.swift */,
				CEC26DFF227B3E9E00FFFC67 /* Period+CoreDataClass.swift */,
			);
			path = Data;
			sourceTree = "<group>";
		};
		CEDC432522760BBE00A78890 = {
			isa = PBXGroup;
			children = (
				CEDC433022760BBE00A78890 /* TimeStamp */,
				CEDC432F22760BBE00A78890 /* Products */,
				133CB3ABD3787B4CDE403165 /* Pods */,
				28BF922CBA030C6153F5E5F6 /* Frameworks */,
			);
			sourceTree = "<group>";
		};
		CEDC432F22760BBE00A78890 /* Products */ = {
			isa = PBXGroup;
			children = (
				CEDC432E22760BBE00A78890 /* TimeStamp.app */,
			);
			name = Products;
			sourceTree = "<group>";
		};
		CEDC433022760BBE00A78890 /* TimeStamp */ = {
			isa = PBXGroup;
			children = (
				CEDC433122760BBE00A78890 /* AppDelegate.swift */,
				8A5F821F22D4505B00443020 /* Models */,
				8A5F822022D4506700443020 /* Views */,
				CEDC43462276108F00A78890 /* Controllers */,
				CEDC433D22760BC000A78890 /* LaunchScreen.storyboard */,
				CEDC433522760BBE00A78890 /* Main.storyboard */,
				CEDC433B22760BC000A78890 /* Assets.xcassets */,
				8AD862102298385E00412EFF /* GIFs */,
				CEC26DF6227B3E9E00FFFC67 /* Data */,
				CE927FED227A0BB200EE0A22 /* Custom Classes */,
				CEDC4347227612E500A78890 /* Fonts */,
				CE927FFA227A0EFB00EE0A22 /* GoogleService-Info.plist */,
				CEDC434022760BC000A78890 /* Info.plist */,
				8A1AEDC622C11598005282FD /* credentials.plist */,
				CE2D71472280C71E00F4D89A /* TimeStampModel.xcdatamodeld */,
			);
			path = TimeStamp;
			sourceTree = "<group>";
		};
		CEDC43462276108F00A78890 /* Controllers */ = {
			isa = PBXGroup;
			children = (
				CEDC433322760BBE00A78890 /* GetStartedViewController.swift */,
				314635BC22ECBD2C00F522B4 /* SetUpViewController.swift */,
				CEDC435C22773FAC00A78890 /* ScheduleViewController.swift */,
				8A1B7A0722BECAC7006FE52A /* HouseInfoViewController.swift */,
				CEDC435A22773F8400A78890 /* MainPageViewController.swift */,
				CEDC435E22775DFA00A78890 /* SettingsViewController.swift */,
				CED50BFF22EF2D1A00FC4851 /* ArticleViewController.swift */,
				CE3A513B22E8F3E90056E536 /* NewsViewController.swift */,
				8A1B79F922BEC0C6006FE52A /* SignInViewController.swift */,
				8A1B79FB22BEC2AF006FE52A /* MainTabBarViewController.swift */,
				31BB397E22E6B48F004D2DE5 /* AppEntryViewController.swift */,
				CE69342C230C805400006C3F /* PublicationViewController.swift */,
			);
			path = Controllers;
			sourceTree = "<group>";
		};
		CEDC4347227612E500A78890 /* Fonts */ = {
			isa = PBXGroup;
			children = (
				CEDC43482276130900A78890 /* Segoe UI Bold Italic.ttf */,
				CEDC434A2276130900A78890 /* Segoe UI Bold.ttf */,
				CEDC43492276130900A78890 /* Segoe UI Italic.ttf */,
				CEDC434B2276130900A78890 /* Segoe UI.ttf */,
				31BB398F22E76492004D2DE5 /* SimSun.ttf */,
				31BB398D22E76492004D2DE5 /* SitkaBanner-Bold.ttf */,
				31BB398E22E76492004D2DE5 /* SitkaBanner-Italic.ttf */,
				31BB399022E76492004D2DE5 /* SitkaBanner.ttf */,
				31BB399522E764A9004D2DE5 /* SitkaBanner-BoldItalic.ttf */,
			);
			path = Fonts;
			sourceTree = "<group>";
		};
/* End PBXGroup section */

/* Begin PBXNativeTarget section */
		CEDC432D22760BBE00A78890 /* TimeStamp */ = {
			isa = PBXNativeTarget;
			buildConfigurationList = CEDC434322760BC000A78890 /* Build configuration list for PBXNativeTarget "TimeStamp" */;
			buildPhases = (
				CFCFC21001C6E985F11D6495 /* [CP] Check Pods Manifest.lock */,
				CEDC432A22760BBE00A78890 /* Sources */,
				CEDC432B22760BBE00A78890 /* Frameworks */,
				CEDC432C22760BBE00A78890 /* Resources */,
				B2CAD4C3ED3D2F3FAC87CCE0 /* [CP] Copy Pods Resources */,
				31301ABE22EA59E1006DB697 /* ShellScript */,
				4EB63A1A8CC3542F9584AD6C /* [CP] Embed Pods Frameworks */,
			);
			buildRules = (
			);
			dependencies = (
			);
			name = TimeStamp;
			productName = TimeStamp;
			productReference = CEDC432E22760BBE00A78890 /* TimeStamp.app */;
			productType = "com.apple.product-type.application";
		};
/* End PBXNativeTarget section */

/* Begin PBXProject section */
		CEDC432622760BBE00A78890 /* Project object */ = {
			isa = PBXProject;
			attributes = {
				LastSwiftUpdateCheck = 1020;
				LastUpgradeCheck = 1020;
				ORGANIZATIONNAME = "Baker Jackson";
				TargetAttributes = {
					CEDC432D22760BBE00A78890 = {
						CreatedOnToolsVersion = 10.2.1;
						LastSwiftMigration = 1020;
						SystemCapabilities = {
							com.apple.BackgroundModes = {
								enabled = 1;
							};
						};
					};
				};
			};
			buildConfigurationList = CEDC432922760BBE00A78890 /* Build configuration list for PBXProject "TimeStamp" */;
			compatibilityVersion = "Xcode 9.3";
			developmentRegion = en;
			hasScannedForEncodings = 0;
			knownRegions = (
				en,
				Base,
			);
			mainGroup = CEDC432522760BBE00A78890;
			productRefGroup = CEDC432F22760BBE00A78890 /* Products */;
			projectDirPath = "";
			projectRoot = "";
			targets = (
				CEDC432D22760BBE00A78890 /* TimeStamp */,
			);
		};
/* End PBXProject section */

/* Begin PBXResourcesBuildPhase section */
		CEDC432C22760BBE00A78890 /* Resources */ = {
			isa = PBXResourcesBuildPhase;
			buildActionMask = 2147483647;
			files = (
				CEDC434C2276130900A78890 /* Segoe UI Bold Italic.ttf in Resources */,
				8A1AEDC722C11598005282FD /* credentials.plist in Resources */,
				8AD862122298387600412EFF /* enjoyWeekend.gif in Resources */,
				31BB399122E76493004D2DE5 /* SitkaBanner-Bold.ttf in Resources */,
				8A1B7A1C22BF2A7C006FE52A /* swipetoleft.gif in Resources */,
				CE927FFB227A0EFB00EE0A22 /* GoogleService-Info.plist in Resources */,
				CEDC434E2276130900A78890 /* Segoe UI Bold.ttf in Resources */,
				31BB399322E76493004D2DE5 /* SimSun.ttf in Resources */,
				CEDC434F2276130900A78890 /* Segoe UI.ttf in Resources */,
				CEDC434D2276130900A78890 /* Segoe UI Italic.ttf in Resources */,
				31BB399622E764A9004D2DE5 /* SitkaBanner-BoldItalic.ttf in Resources */,
				CEDC433F22760BC000A78890 /* LaunchScreen.storyboard in Resources */,
				8A1B7A1822BF2995006FE52A /* swipetoright.gif in Resources */,
				31BB399222E76493004D2DE5 /* SitkaBanner-Italic.ttf in Resources */,
				31BB399422E76493004D2DE5 /* SitkaBanner.ttf in Resources */,
				CEDC433C22760BC000A78890 /* Assets.xcassets in Resources */,
				CEDC433722760BBE00A78890 /* Main.storyboard in Resources */,
			);
			runOnlyForDeploymentPostprocessing = 0;
		};
/* End PBXResourcesBuildPhase section */

/* Begin PBXShellScriptBuildPhase section */
		31301ABE22EA59E1006DB697 /* ShellScript */ = {
			isa = PBXShellScriptBuildPhase;
			buildActionMask = 2147483647;
			files = (
			);
			inputFileListPaths = (
			);
			inputPaths = (
				"$(SRCROOT)/$(BUILT_PRODUCTS_DIR)/$(INFOPLIST_PATH)",
			);
			outputFileListPaths = (
			);
			outputPaths = (
			);
			runOnlyForDeploymentPostprocessing = 0;
			shellPath = /bin/sh;
			shellScript = "# Type a script or drag a script file from your workspace to insert its path.\n\"${PODS_ROOT}/Fabric/run\"\n";
		};
		4EB63A1A8CC3542F9584AD6C /* [CP] Embed Pods Frameworks */ = {
			isa = PBXShellScriptBuildPhase;
			buildActionMask = 2147483647;
			files = (
			);
			inputFileListPaths = (
				"${PODS_ROOT}/Target Support Files/Pods-TimeStamp/Pods-TimeStamp-frameworks-${CONFIGURATION}-input-files.xcfilelist",
			);
			name = "[CP] Embed Pods Frameworks";
			outputFileListPaths = (
				"${PODS_ROOT}/Target Support Files/Pods-TimeStamp/Pods-TimeStamp-frameworks-${CONFIGURATION}-output-files.xcfilelist",
			);
			runOnlyForDeploymentPostprocessing = 0;
			shellPath = /bin/sh;
			shellScript = "\"${PODS_ROOT}/Target Support Files/Pods-TimeStamp/Pods-TimeStamp-frameworks.sh\"\n";
			showEnvVarsInLog = 0;
		};
		B2CAD4C3ED3D2F3FAC87CCE0 /* [CP] Copy Pods Resources */ = {
			isa = PBXShellScriptBuildPhase;
			buildActionMask = 2147483647;
			files = (
			);
			inputFileListPaths = (
				"${PODS_ROOT}/Target Support Files/Pods-TimeStamp/Pods-TimeStamp-resources-${CONFIGURATION}-input-files.xcfilelist",
			);
			name = "[CP] Copy Pods Resources";
			outputFileListPaths = (
				"${PODS_ROOT}/Target Support Files/Pods-TimeStamp/Pods-TimeStamp-resources-${CONFIGURATION}-output-files.xcfilelist",
			);
			runOnlyForDeploymentPostprocessing = 0;
			shellPath = /bin/sh;
			shellScript = "\"${PODS_ROOT}/Target Support Files/Pods-TimeStamp/Pods-TimeStamp-resources.sh\"\n";
			showEnvVarsInLog = 0;
		};
		CFCFC21001C6E985F11D6495 /* [CP] Check Pods Manifest.lock */ = {
			isa = PBXShellScriptBuildPhase;
			buildActionMask = 2147483647;
			files = (
			);
			inputFileListPaths = (
			);
			inputPaths = (
				"${PODS_PODFILE_DIR_PATH}/Podfile.lock",
				"${PODS_ROOT}/Manifest.lock",
			);
			name = "[CP] Check Pods Manifest.lock";
			outputFileListPaths = (
			);
			outputPaths = (
				"$(DERIVED_FILE_DIR)/Pods-TimeStamp-checkManifestLockResult.txt",
			);
			runOnlyForDeploymentPostprocessing = 0;
			shellPath = /bin/sh;
			shellScript = "diff \"${PODS_PODFILE_DIR_PATH}/Podfile.lock\" \"${PODS_ROOT}/Manifest.lock\" > /dev/null\nif [ $? != 0 ] ; then\n    # print error to STDERR\n    echo \"error: The sandbox is not in sync with the Podfile.lock. Run 'pod install' or update your CocoaPods installation.\" >&2\n    exit 1\nfi\n# This output is used by Xcode 'outputs' to avoid re-running this script phase.\necho \"SUCCESS\" > \"${SCRIPT_OUTPUT_FILE_0}\"\n";
			showEnvVarsInLog = 0;
		};
/* End PBXShellScriptBuildPhase section */

/* Begin PBXSourcesBuildPhase section */
		CEDC432A22760BBE00A78890 /* Sources */ = {
			isa = PBXSourcesBuildPhase;
			buildActionMask = 2147483647;
			files = (
				CE927FF9227A0BCD00EE0A22 /* ScheduleView.swift in Sources */,
				8A1CF7EE23044E49000E2F6B /* SettingsNotifOnOffButtonView.swift in Sources */,
				8AD8621C22984A9600412EFF /* VerticalUpShiftTransitionUnwind.swift in Sources */,
				CEDC433422760BBE00A78890 /* GetStartedViewController.swift in Sources */,
				314635BB22EB8A5000F522B4 /* NextPeriodView.swift in Sources */,
				CEDC435F22775DFA00A78890 /* SettingsViewController.swift in Sources */,
				8A6780792298C81B00748848 /* EventView.swift in Sources */,
				CE2D71492280C71E00F4D89A /* TimeStampModel.xcdatamodeld in Sources */,
				8A1CF7F623049165000E2F6B /* TabBarToSettingsUnwind.swift in Sources */,
				8AA2F046228123890091EF0F /* HorizontalLeftShiftTransition.swift in Sources */,
				314635B922EB78B400F522B4 /* UpcomingDaysView.swift in Sources */,
				31BB399822E8CEEC004D2DE5 /* DailyScheduleCell.swift in Sources */,
				8A5F823622D7A00B00443020 /* ToDo_Task+CoreDataClass.swift in Sources */,
				8AD8621622983D1B00412EFF /* VerticalDownShiftTransition.swift in Sources */,
				CE69342F230C8E2D00006C3F /* PublicationTableViewCell.swift in Sources */,
				8AD8620D2297824000412EFF /* Util.swift in Sources */,
				8ABCA53F2282176000A30D36 /* WeeklySchedule+CoreDataProperties.swift in Sources */,
				8A5F823822D7A00B00443020 /* ToDo_TaskTag+CoreDataClass.swift in Sources */,
				CEDC435D22773FAC00A78890 /* ScheduleViewController.swift in Sources */,
				CE927FF7227A0BCD00EE0A22 /* PeriodView.swift in Sources */,
				8A5F823922D7A00B00443020 /* ToDo_TaskTag+CoreDataProperties.swift in Sources */,
				CED50C0022EF2D1A00FC4851 /* ArticleViewController.swift in Sources */,
				8A5F823722D7A00B00443020 /* ToDo_Task+CoreDataProperties.swift in Sources */,
				CEC26E07227B3E9E00FFFC67 /* Period+CoreDataProperties.swift in Sources */,
				8A1CF7F02304595E000E2F6B /* SettingsSpecificNotifButtonView.swift in Sources */,
				CE927FF8227A0BCD00EE0A22 /* RepeatingTimer.swift in Sources */,
				CE146D982280BD9900B3922D /* Settings+CoreDataProperties.swift in Sources */,
				CEC26E02227B3E9E00FFFC67 /* Timetable+CoreDataProperties.swift in Sources */,
				8A1B7A0822BECAC7006FE52A /* HouseInfoViewController.swift in Sources */,
				CEC26E04227B3E9E00FFFC67 /* FlipDay+CoreDataProperties.swift in Sources */,
				CE8F9B8C2312E51100EE4B54 /* Article+CoreDataClass.swift in Sources */,
				CEDC433222760BBE00A78890 /* AppDelegate.swift in Sources */,
				CEC26E01227B3E9E00FFFC67 /* Schedule+CoreDataProperties.swift in Sources */,
				8A445BB22301AC370020C29B /* AnimatingButtonView.swift in Sources */,
				8AD8621A22984A5E00412EFF /* HorizontalLeftShiftTransitionUnwind.swift in Sources */,
				CE146D972280BD9900B3922D /* Settings+CoreDataClass.swift in Sources */,
				CEC26E00227B3E9E00FFFC67 /* CoreDataStack.swift in Sources */,
				CE69342D230C805400006C3F /* PublicationViewController.swift in Sources */,
				CEC26E08227B3E9E00FFFC67 /* Period+CoreDataClass.swift in Sources */,
				8ABCA53E2282176000A30D36 /* WeeklySchedule+CoreDataClass.swift in Sources */,
				314635BD22ECBD2C00F522B4 /* SetUpViewController.swift in Sources */,
				8A1CF7F223046391000E2F6B /* SettingsDaysBeforeSlider.swift in Sources */,
				8A445BB6230216C20020C29B /* GetStartedToSetUp.swift in Sources */,
				CEC26E03227B3E9E00FFFC67 /* FlipDay+CoreDataClass.swift in Sources */,
				8A445BB82303B5E60020C29B /* SettingsDayNightToggleButtonView.swift in Sources */,
				8A1AEDCF22C4148F005282FD /* Event+CoreDataProperties.swift in Sources */,
				CEC26E06227B3E9E00FFFC67 /* Timetable+CoreDataClass.swift in Sources */,
				8A1B79FA22BEC0C6006FE52A /* SignInViewController.swift in Sources */,
				8AD8621822984A3500412EFF /* HorizontalRightShiftTransitionUnwind.swift in Sources */,
				CEDC435B22773F8400A78890 /* MainPageViewController.swift in Sources */,
				8A445BB42301ED810020C29B /* LogInToGetStarted.swift in Sources */,
				8AD8621E22984AB800412EFF /* VerticallyDownShiftTransitionUnwind.swift in Sources */,
				CEC26E05227B3E9E00FFFC67 /* Schedule+CoreDataClass.swift in Sources */,
				8A1CF7F42304914E000E2F6B /* TabBarToSettings.swift in Sources */,
				31BB397F22E6B48F004D2DE5 /* AppEntryViewController.swift in Sources */,
				8A1B79FC22BEC2AF006FE52A /* MainTabBarViewController.swift in Sources */,
				CE8F9B8D2312E51100EE4B54 /* Article+CoreDataProperties.swift in Sources */,
				CEAD94522310818F001C2FDA /* NewsPageTableViewCell.swift in Sources */,
				8AEA785122851D5C0031B030 /* UserDataSettings.swift in Sources */,
				CE927FF4227A0BCD00EE0A22 /* UserTimetable.swift in Sources */,
				8AA2F04422811FF90091EF0F /* HorizontalRightShiftTransition.swift in Sources */,
				CE3A513C22E8F3E90056E536 /* NewsViewController.swift in Sources */,
				8A1AEDCE22C4148F005282FD /* Event+CoreDataClass.swift in Sources */,
				8AD8621422983D0B00412EFF /* VerticalUpShiftTransition.swift in Sources */,
			);
			runOnlyForDeploymentPostprocessing = 0;
		};
/* End PBXSourcesBuildPhase section */

/* Begin PBXVariantGroup section */
		CEDC433522760BBE00A78890 /* Main.storyboard */ = {
			isa = PBXVariantGroup;
			children = (
				CEDC433622760BBE00A78890 /* Base */,
			);
			name = Main.storyboard;
			sourceTree = "<group>";
		};
		CEDC433D22760BC000A78890 /* LaunchScreen.storyboard */ = {
			isa = PBXVariantGroup;
			children = (
				CEDC433E22760BC000A78890 /* Base */,
			);
			name = LaunchScreen.storyboard;
			sourceTree = "<group>";
		};
/* End PBXVariantGroup section */

/* Begin XCBuildConfiguration section */
		CEDC434122760BC000A78890 /* Debug */ = {
			isa = XCBuildConfiguration;
			buildSettings = {
				ALWAYS_SEARCH_USER_PATHS = NO;
				CLANG_ANALYZER_NONNULL = YES;
				CLANG_ANALYZER_NUMBER_OBJECT_CONVERSION = YES_AGGRESSIVE;
				CLANG_CXX_LANGUAGE_STANDARD = "gnu++14";
				CLANG_CXX_LIBRARY = "libc++";
				CLANG_ENABLE_MODULES = YES;
				CLANG_ENABLE_OBJC_ARC = YES;
				CLANG_ENABLE_OBJC_WEAK = YES;
				CLANG_WARN_BLOCK_CAPTURE_AUTORELEASING = YES;
				CLANG_WARN_BOOL_CONVERSION = YES;
				CLANG_WARN_COMMA = YES;
				CLANG_WARN_CONSTANT_CONVERSION = YES;
				CLANG_WARN_DEPRECATED_OBJC_IMPLEMENTATIONS = YES;
				CLANG_WARN_DIRECT_OBJC_ISA_USAGE = YES_ERROR;
				CLANG_WARN_DOCUMENTATION_COMMENTS = YES;
				CLANG_WARN_EMPTY_BODY = YES;
				CLANG_WARN_ENUM_CONVERSION = YES;
				CLANG_WARN_INFINITE_RECURSION = YES;
				CLANG_WARN_INT_CONVERSION = YES;
				CLANG_WARN_NON_LITERAL_NULL_CONVERSION = YES;
				CLANG_WARN_OBJC_IMPLICIT_RETAIN_SELF = YES;
				CLANG_WARN_OBJC_LITERAL_CONVERSION = YES;
				CLANG_WARN_OBJC_ROOT_CLASS = YES_ERROR;
				CLANG_WARN_RANGE_LOOP_ANALYSIS = YES;
				CLANG_WARN_STRICT_PROTOTYPES = YES;
				CLANG_WARN_SUSPICIOUS_MOVE = YES;
				CLANG_WARN_UNGUARDED_AVAILABILITY = YES_AGGRESSIVE;
				CLANG_WARN_UNREACHABLE_CODE = YES;
				CLANG_WARN__DUPLICATE_METHOD_MATCH = YES;
				CODE_SIGN_IDENTITY = "iPhone Developer";
				COPY_PHASE_STRIP = NO;
				DEBUG_INFORMATION_FORMAT = dwarf;
				ENABLE_STRICT_OBJC_MSGSEND = YES;
				ENABLE_TESTABILITY = YES;
				GCC_C_LANGUAGE_STANDARD = gnu11;
				GCC_DYNAMIC_NO_PIC = NO;
				GCC_NO_COMMON_BLOCKS = YES;
				GCC_OPTIMIZATION_LEVEL = 0;
				GCC_PREPROCESSOR_DEFINITIONS = (
					"DEBUG=1",
					"$(inherited)",
				);
				GCC_WARN_64_TO_32_BIT_CONVERSION = YES;
				GCC_WARN_ABOUT_RETURN_TYPE = YES_ERROR;
				GCC_WARN_UNDECLARED_SELECTOR = YES;
				GCC_WARN_UNINITIALIZED_AUTOS = YES_AGGRESSIVE;
				GCC_WARN_UNUSED_FUNCTION = YES;
				GCC_WARN_UNUSED_VARIABLE = YES;
				IPHONEOS_DEPLOYMENT_TARGET = 10.0;
				MTL_ENABLE_DEBUG_INFO = INCLUDE_SOURCE;
				MTL_FAST_MATH = YES;
				ONLY_ACTIVE_ARCH = YES;
				SDKROOT = iphoneos;
				SWIFT_ACTIVE_COMPILATION_CONDITIONS = DEBUG;
				SWIFT_OPTIMIZATION_LEVEL = "-Onone";
			};
			name = Debug;
		};
		CEDC434222760BC000A78890 /* Release */ = {
			isa = XCBuildConfiguration;
			buildSettings = {
				ALWAYS_SEARCH_USER_PATHS = NO;
				CLANG_ANALYZER_NONNULL = YES;
				CLANG_ANALYZER_NUMBER_OBJECT_CONVERSION = YES_AGGRESSIVE;
				CLANG_CXX_LANGUAGE_STANDARD = "gnu++14";
				CLANG_CXX_LIBRARY = "libc++";
				CLANG_ENABLE_MODULES = YES;
				CLANG_ENABLE_OBJC_ARC = YES;
				CLANG_ENABLE_OBJC_WEAK = YES;
				CLANG_WARN_BLOCK_CAPTURE_AUTORELEASING = YES;
				CLANG_WARN_BOOL_CONVERSION = YES;
				CLANG_WARN_COMMA = YES;
				CLANG_WARN_CONSTANT_CONVERSION = YES;
				CLANG_WARN_DEPRECATED_OBJC_IMPLEMENTATIONS = YES;
				CLANG_WARN_DIRECT_OBJC_ISA_USAGE = YES_ERROR;
				CLANG_WARN_DOCUMENTATION_COMMENTS = YES;
				CLANG_WARN_EMPTY_BODY = YES;
				CLANG_WARN_ENUM_CONVERSION = YES;
				CLANG_WARN_INFINITE_RECURSION = YES;
				CLANG_WARN_INT_CONVERSION = YES;
				CLANG_WARN_NON_LITERAL_NULL_CONVERSION = YES;
				CLANG_WARN_OBJC_IMPLICIT_RETAIN_SELF = YES;
				CLANG_WARN_OBJC_LITERAL_CONVERSION = YES;
				CLANG_WARN_OBJC_ROOT_CLASS = YES_ERROR;
				CLANG_WARN_RANGE_LOOP_ANALYSIS = YES;
				CLANG_WARN_STRICT_PROTOTYPES = YES;
				CLANG_WARN_SUSPICIOUS_MOVE = YES;
				CLANG_WARN_UNGUARDED_AVAILABILITY = YES_AGGRESSIVE;
				CLANG_WARN_UNREACHABLE_CODE = YES;
				CLANG_WARN__DUPLICATE_METHOD_MATCH = YES;
				CODE_SIGN_IDENTITY = "iPhone Developer";
				COPY_PHASE_STRIP = NO;
				DEBUG_INFORMATION_FORMAT = "dwarf-with-dsym";
				ENABLE_NS_ASSERTIONS = NO;
				ENABLE_STRICT_OBJC_MSGSEND = YES;
				GCC_C_LANGUAGE_STANDARD = gnu11;
				GCC_NO_COMMON_BLOCKS = YES;
				GCC_WARN_64_TO_32_BIT_CONVERSION = YES;
				GCC_WARN_ABOUT_RETURN_TYPE = YES_ERROR;
				GCC_WARN_UNDECLARED_SELECTOR = YES;
				GCC_WARN_UNINITIALIZED_AUTOS = YES_AGGRESSIVE;
				GCC_WARN_UNUSED_FUNCTION = YES;
				GCC_WARN_UNUSED_VARIABLE = YES;
				IPHONEOS_DEPLOYMENT_TARGET = 10.0;
				MTL_ENABLE_DEBUG_INFO = NO;
				MTL_FAST_MATH = YES;
				SDKROOT = iphoneos;
				SWIFT_COMPILATION_MODE = wholemodule;
				SWIFT_OPTIMIZATION_LEVEL = "-O";
				VALIDATE_PRODUCT = YES;
			};
			name = Release;
		};
		CEDC434422760BC000A78890 /* Debug */ = {
			isa = XCBuildConfiguration;
			baseConfigurationReference = 7C118D26195145B6F602CD7A /* Pods-TimeStamp.debug.xcconfig */;
			buildSettings = {
				ALWAYS_EMBED_SWIFT_STANDARD_LIBRARIES = YES;
				ASSETCATALOG_COMPILER_APPICON_NAME = AppIcon;
				ASSETCATALOG_COMPILER_LAUNCHIMAGE_NAME = "LaunchImage-2";
				CODE_SIGN_IDENTITY = "iPhone Developer";
				CODE_SIGN_STYLE = Automatic;
				DEVELOPMENT_TEAM = VZH52F2524;
				INFOPLIST_FILE = TimeStamp/Info.plist;
				IPHONEOS_DEPLOYMENT_TARGET = 11.0;
				LD_RUNPATH_SEARCH_PATHS = (
					"$(inherited)",
					"@executable_path/Frameworks",
				);
				PRODUCT_BUNDLE_IDENTIFIER = "com.UTS-development.hi";
				PRODUCT_NAME = "$(TARGET_NAME)";
				PROVISIONING_PROFILE_SPECIFIER = "";
				SWIFT_VERSION = 5.0;
				TARGETED_DEVICE_FAMILY = 1;
			};
			name = Debug;
		};
		CEDC434522760BC000A78890 /* Release */ = {
			isa = XCBuildConfiguration;
			baseConfigurationReference = 3D9C7440C79988B274B1F14A /* Pods-TimeStamp.release.xcconfig */;
			buildSettings = {
				ALWAYS_EMBED_SWIFT_STANDARD_LIBRARIES = YES;
				ASSETCATALOG_COMPILER_APPICON_NAME = AppIcon;
				ASSETCATALOG_COMPILER_LAUNCHIMAGE_NAME = "LaunchImage-2";
				CODE_SIGN_IDENTITY = "iPhone Developer";
				CODE_SIGN_STYLE = Automatic;
				DEVELOPMENT_TEAM = VZH52F2524;
				INFOPLIST_FILE = TimeStamp/Info.plist;
				IPHONEOS_DEPLOYMENT_TARGET = 11.0;
				LD_RUNPATH_SEARCH_PATHS = (
					"$(inherited)",
					"@executable_path/Frameworks",
				);
				PRODUCT_BUNDLE_IDENTIFIER = "com.UTS-development.hi";
				PRODUCT_NAME = "$(TARGET_NAME)";
				PROVISIONING_PROFILE_SPECIFIER = "";
				SWIFT_VERSION = 5.0;
				TARGETED_DEVICE_FAMILY = 1;
			};
			name = Release;
		};
/* End XCBuildConfiguration section */

/* Begin XCConfigurationList section */
		CEDC432922760BBE00A78890 /* Build configuration list for PBXProject "TimeStamp" */ = {
			isa = XCConfigurationList;
			buildConfigurations = (
				CEDC434122760BC000A78890 /* Debug */,
				CEDC434222760BC000A78890 /* Release */,
			);
			defaultConfigurationIsVisible = 0;
			defaultConfigurationName = Release;
		};
		CEDC434322760BC000A78890 /* Build configuration list for PBXNativeTarget "TimeStamp" */ = {
			isa = XCConfigurationList;
			buildConfigurations = (
				CEDC434422760BC000A78890 /* Debug */,
				CEDC434522760BC000A78890 /* Release */,
			);
			defaultConfigurationIsVisible = 0;
			defaultConfigurationName = Release;
		};
/* End XCConfigurationList section */

/* Begin XCVersionGroup section */
		CE2D71472280C71E00F4D89A /* TimeStampModel.xcdatamodeld */ = {
			isa = XCVersionGroup;
			children = (
				CE2D71482280C71E00F4D89A /* TimeStampModel.xcdatamodel */,
			);
			currentVersion = CE2D71482280C71E00F4D89A /* TimeStampModel.xcdatamodel */;
			path = TimeStampModel.xcdatamodeld;
			sourceTree = "<group>";
			versionGroupType = wrapper.xcdatamodel;
		};
/* End XCVersionGroup section */
	};
	rootObject = CEDC432622760BBE00A78890 /* Project object */;
}
