// !$*UTF8*$!
{
	archiveVersion = 1;
	classes = {
	};
	objectVersion = 50;
	objects = {

/* Begin PBXBuildFile section */
		3F1A47B2B1D9B6C8A9CDD880 /* Pods_TimeStamp.framework in Frameworks */ = {isa = PBXBuildFile; fileRef = 12817475A8496AB78A3C28C3 /* Pods_TimeStamp.framework */; };
		8A1AEDC722C11598005282FD /* credentials.plist in Resources */ = {isa = PBXBuildFile; fileRef = 8A1AEDC622C11598005282FD /* credentials.plist */; };
		8A1AEDC922C2BDFF005282FD /* TodayToTomorrowShift.swift in Sources */ = {isa = PBXBuildFile; fileRef = 8A1AEDC822C2BDFF005282FD /* TodayToTomorrowShift.swift */; };
		8A1AEDCB22C2BE25005282FD /* TomorrowToTodayShift.swift in Sources */ = {isa = PBXBuildFile; fileRef = 8A1AEDCA22C2BE25005282FD /* TomorrowToTodayShift.swift */; };
		8A1AEDCE22C4148F005282FD /* Event+CoreDataClass.swift in Sources */ = {isa = PBXBuildFile; fileRef = 8A1AEDCC22C4148F005282FD /* Event+CoreDataClass.swift */; };
		8A1AEDCF22C4148F005282FD /* Event+CoreDataProperties.swift in Sources */ = {isa = PBXBuildFile; fileRef = 8A1AEDCD22C4148F005282FD /* Event+CoreDataProperties.swift */; };
		8A1AEDD122C6861D005282FD /* SlideOutView.swift in Sources */ = {isa = PBXBuildFile; fileRef = 8A1AEDD022C6861D005282FD /* SlideOutView.swift */; };
		8A1B79FA22BEC0C6006FE52A /* SignInViewController.swift in Sources */ = {isa = PBXBuildFile; fileRef = 8A1B79F922BEC0C6006FE52A /* SignInViewController.swift */; };
		8A1B79FC22BEC2AF006FE52A /* MainTabBarViewController.swift in Sources */ = {isa = PBXBuildFile; fileRef = 8A1B79FB22BEC2AF006FE52A /* MainTabBarViewController.swift */; };
		8A1B79FE22BEC31D006FE52A /* UtilityViewController.swift in Sources */ = {isa = PBXBuildFile; fileRef = 8A1B79FD22BEC31D006FE52A /* UtilityViewController.swift */; };
		8A1B7A0022BEC40E006FE52A /* NewsTableViewController.swift in Sources */ = {isa = PBXBuildFile; fileRef = 8A1B79FF22BEC40E006FE52A /* NewsTableViewController.swift */; };
		8A1B7A0222BEC878006FE52A /* Q&AViewController.swift in Sources */ = {isa = PBXBuildFile; fileRef = 8A1B7A0122BEC878006FE52A /* Q&AViewController.swift */; };
		8A1B7A0422BEC924006FE52A /* ToDoListViewController.swift in Sources */ = {isa = PBXBuildFile; fileRef = 8A1B7A0322BEC924006FE52A /* ToDoListViewController.swift */; };
		8A1B7A0622BEC94A006FE52A /* EventItemViewController.swift in Sources */ = {isa = PBXBuildFile; fileRef = 8A1B7A0522BEC94A006FE52A /* EventItemViewController.swift */; };
		8A1B7A0822BECAC7006FE52A /* HouseInfoViewController.swift in Sources */ = {isa = PBXBuildFile; fileRef = 8A1B7A0722BECAC7006FE52A /* HouseInfoViewController.swift */; };
		8A1B7A0A22BECB36006FE52A /* CustomThemeViewController.swift in Sources */ = {isa = PBXBuildFile; fileRef = 8A1B7A0922BECB36006FE52A /* CustomThemeViewController.swift */; };
		8A1B7A0C22BECBCD006FE52A /* RoomBookingViewController.swift in Sources */ = {isa = PBXBuildFile; fileRef = 8A1B7A0B22BECBCD006FE52A /* RoomBookingViewController.swift */; };
		8A1B7A0E22BECC58006FE52A /* LostAndFoundViewController.swift in Sources */ = {isa = PBXBuildFile; fileRef = 8A1B7A0D22BECC58006FE52A /* LostAndFoundViewController.swift */; };
		8A1B7A1822BF2995006FE52A /* swipetoright.gif in Resources */ = {isa = PBXBuildFile; fileRef = 8A1B7A1722BF2995006FE52A /* swipetoright.gif */; };
		8A1B7A1C22BF2A7C006FE52A /* swipetoleft.gif in Resources */ = {isa = PBXBuildFile; fileRef = 8A1B7A1B22BF2A7C006FE52A /* swipetoleft.gif */; };
		8A1B7A1F22C0072D006FE52A /* Interactor.swift in Sources */ = {isa = PBXBuildFile; fileRef = 8A1B7A1E22C0072D006FE52A /* Interactor.swift */; };
		8A1B7A2122C00804006FE52A /* MenuHelper.swift in Sources */ = {isa = PBXBuildFile; fileRef = 8A1B7A2022C00804006FE52A /* MenuHelper.swift */; };
		8A1B7A2322C018F1006FE52A /* TodayToTomorrowAnimator.swift in Sources */ = {isa = PBXBuildFile; fileRef = 8A1B7A2222C018F1006FE52A /* TodayToTomorrowAnimator.swift */; };
		8A1B7A2522C01D6F006FE52A /* TomorrowToTodayAnimator.swift in Sources */ = {isa = PBXBuildFile; fileRef = 8A1B7A2422C01D6F006FE52A /* TomorrowToTodayAnimator.swift */; };
		8A5F822222D4F34B00443020 /* TodayTomorrowView.swift in Sources */ = {isa = PBXBuildFile; fileRef = 8A5F822122D4F34B00443020 /* TodayTomorrowView.swift */; };
		8A5F822422D531D700443020 /* TaskEventMenu.swift in Sources */ = {isa = PBXBuildFile; fileRef = 8A5F822322D531D700443020 /* TaskEventMenu.swift */; };
		8A5F822622D581F300443020 /* TaskListView.swift in Sources */ = {isa = PBXBuildFile; fileRef = 8A5F822522D581F300443020 /* TaskListView.swift */; };
		8A5F822822D581FF00443020 /* EventListView.swift in Sources */ = {isa = PBXBuildFile; fileRef = 8A5F822722D581FF00443020 /* EventListView.swift */; };
		8A5F822A22D5821500443020 /* TaskMenuView.swift in Sources */ = {isa = PBXBuildFile; fileRef = 8A5F822922D5821500443020 /* TaskMenuView.swift */; };
		8A5F822C22D5822500443020 /* EventMenuView.swift in Sources */ = {isa = PBXBuildFile; fileRef = 8A5F822B22D5822500443020 /* EventMenuView.swift */; };
		8A5F822F22D6DB3100443020 /* TaskItemViewController.swift in Sources */ = {isa = PBXBuildFile; fileRef = 8A5F822E22D6DB3100443020 /* TaskItemViewController.swift */; };
		8A5F823122D79DFA00443020 /* TaskView.swift in Sources */ = {isa = PBXBuildFile; fileRef = 8A5F823022D79DFA00443020 /* TaskView.swift */; };
		8A5F823622D7A00B00443020 /* ToDo_Task+CoreDataClass.swift in Sources */ = {isa = PBXBuildFile; fileRef = 8A5F823222D7A00B00443020 /* ToDo_Task+CoreDataClass.swift */; };
		8A5F823722D7A00B00443020 /* ToDo_Task+CoreDataProperties.swift in Sources */ = {isa = PBXBuildFile; fileRef = 8A5F823322D7A00B00443020 /* ToDo_Task+CoreDataProperties.swift */; };
		8A5F823822D7A00B00443020 /* ToDo_TaskTag+CoreDataClass.swift in Sources */ = {isa = PBXBuildFile; fileRef = 8A5F823422D7A00B00443020 /* ToDo_TaskTag+CoreDataClass.swift */; };
		8A5F823922D7A00B00443020 /* ToDo_TaskTag+CoreDataProperties.swift in Sources */ = {isa = PBXBuildFile; fileRef = 8A5F823522D7A00B00443020 /* ToDo_TaskTag+CoreDataProperties.swift */; };
		8A6780792298C81B00748848 /* EventView.swift in Sources */ = {isa = PBXBuildFile; fileRef = 8A6780782298C81B00748848 /* EventView.swift */; };
		8AA2F04422811FF90091EF0F /* HorizontalRightShiftTransition.swift in Sources */ = {isa = PBXBuildFile; fileRef = 8AA2F04322811FF90091EF0F /* HorizontalRightShiftTransition.swift */; };
		8AA2F046228123890091EF0F /* HorizontalLeftShiftTransition.swift in Sources */ = {isa = PBXBuildFile; fileRef = 8AA2F045228123890091EF0F /* HorizontalLeftShiftTransition.swift */; };
		8ABCA53E2282176000A30D36 /* WeeklySchedule+CoreDataClass.swift in Sources */ = {isa = PBXBuildFile; fileRef = 8ABCA53C2282176000A30D36 /* WeeklySchedule+CoreDataClass.swift */; };
		8ABCA53F2282176000A30D36 /* WeeklySchedule+CoreDataProperties.swift in Sources */ = {isa = PBXBuildFile; fileRef = 8ABCA53D2282176000A30D36 /* WeeklySchedule+CoreDataProperties.swift */; };
		8AD8620D2297824000412EFF /* Util.swift in Sources */ = {isa = PBXBuildFile; fileRef = 8AD8620C2297824000412EFF /* Util.swift */; };
		8AD862122298387600412EFF /* enjoyWeekend.gif in Resources */ = {isa = PBXBuildFile; fileRef = 8AD862112298387600412EFF /* enjoyWeekend.gif */; };
		8AD8621422983D0B00412EFF /* VerticalUpShiftTransition.swift in Sources */ = {isa = PBXBuildFile; fileRef = 8AD8621322983D0B00412EFF /* VerticalUpShiftTransition.swift */; };
		8AD8621622983D1B00412EFF /* VerticalDownShiftTransition.swift in Sources */ = {isa = PBXBuildFile; fileRef = 8AD8621522983D1B00412EFF /* VerticalDownShiftTransition.swift */; };
		8AD8621822984A3500412EFF /* HorizontalRightShiftTransitionUnwind.swift in Sources */ = {isa = PBXBuildFile; fileRef = 8AD8621722984A3500412EFF /* HorizontalRightShiftTransitionUnwind.swift */; };
		8AD8621A22984A5E00412EFF /* HorizontalLeftShiftTransitionUnwind.swift in Sources */ = {isa = PBXBuildFile; fileRef = 8AD8621922984A5E00412EFF /* HorizontalLeftShiftTransitionUnwind.swift */; };
		8AD8621C22984A9600412EFF /* VerticalUpShiftTransitionUnwind.swift in Sources */ = {isa = PBXBuildFile; fileRef = 8AD8621B22984A9600412EFF /* VerticalUpShiftTransitionUnwind.swift */; };
		8AD8621E22984AB800412EFF /* VerticallyDownShiftTransitionUnwind.swift in Sources */ = {isa = PBXBuildFile; fileRef = 8AD8621D22984AB800412EFF /* VerticallyDownShiftTransitionUnwind.swift */; };
		8AEA785122851D5C0031B030 /* UserDataSettings.swift in Sources */ = {isa = PBXBuildFile; fileRef = 8AEA785022851D5C0031B030 /* UserDataSettings.swift */; };
		CE146D972280BD9900B3922D /* Settings+CoreDataClass.swift in Sources */ = {isa = PBXBuildFile; fileRef = CE146D952280BD9900B3922D /* Settings+CoreDataClass.swift */; };
		CE146D982280BD9900B3922D /* Settings+CoreDataProperties.swift in Sources */ = {isa = PBXBuildFile; fileRef = CE146D962280BD9900B3922D /* Settings+CoreDataProperties.swift */; };
		CE2D71492280C71E00F4D89A /* TimeStampModel.xcdatamodeld in Sources */ = {isa = PBXBuildFile; fileRef = CE2D71472280C71E00F4D89A /* TimeStampModel.xcdatamodeld */; };
		CE927FF4227A0BCD00EE0A22 /* UserTimetable.swift in Sources */ = {isa = PBXBuildFile; fileRef = CE927FEE227A0BCD00EE0A22 /* UserTimetable.swift */; };
		CE927FF6227A0BCD00EE0A22 /* ArticleClass.swift in Sources */ = {isa = PBXBuildFile; fileRef = CE927FF0227A0BCD00EE0A22 /* ArticleClass.swift */; };
		CE927FF7227A0BCD00EE0A22 /* PeriodView.swift in Sources */ = {isa = PBXBuildFile; fileRef = CE927FF1227A0BCD00EE0A22 /* PeriodView.swift */; };
		CE927FF8227A0BCD00EE0A22 /* RepeatingTimer.swift in Sources */ = {isa = PBXBuildFile; fileRef = CE927FF2227A0BCD00EE0A22 /* RepeatingTimer.swift */; };
		CE927FF9227A0BCD00EE0A22 /* ScheduleView.swift in Sources */ = {isa = PBXBuildFile; fileRef = CE927FF3227A0BCD00EE0A22 /* ScheduleView.swift */; };
		CE927FFB227A0EFB00EE0A22 /* GoogleService-Info.plist in Resources */ = {isa = PBXBuildFile; fileRef = CE927FFA227A0EFB00EE0A22 /* GoogleService-Info.plist */; };
		CEC26E00227B3E9E00FFFC67 /* CoreDataStack.swift in Sources */ = {isa = PBXBuildFile; fileRef = CEC26DF7227B3E9E00FFFC67 /* CoreDataStack.swift */; };
		CEC26E01227B3E9E00FFFC67 /* Schedule+CoreDataProperties.swift in Sources */ = {isa = PBXBuildFile; fileRef = CEC26DF8227B3E9E00FFFC67 /* Schedule+CoreDataProperties.swift */; };
		CEC26E02227B3E9E00FFFC67 /* Timetable+CoreDataProperties.swift in Sources */ = {isa = PBXBuildFile; fileRef = CEC26DF9227B3E9E00FFFC67 /* Timetable+CoreDataProperties.swift */; };
		CEC26E03227B3E9E00FFFC67 /* FlipDay+CoreDataClass.swift in Sources */ = {isa = PBXBuildFile; fileRef = CEC26DFA227B3E9E00FFFC67 /* FlipDay+CoreDataClass.swift */; };
		CEC26E04227B3E9E00FFFC67 /* FlipDay+CoreDataProperties.swift in Sources */ = {isa = PBXBuildFile; fileRef = CEC26DFB227B3E9E00FFFC67 /* FlipDay+CoreDataProperties.swift */; };
		CEC26E05227B3E9E00FFFC67 /* Schedule+CoreDataClass.swift in Sources */ = {isa = PBXBuildFile; fileRef = CEC26DFC227B3E9E00FFFC67 /* Schedule+CoreDataClass.swift */; };
		CEC26E06227B3E9E00FFFC67 /* Timetable+CoreDataClass.swift in Sources */ = {isa = PBXBuildFile; fileRef = CEC26DFD227B3E9E00FFFC67 /* Timetable+CoreDataClass.swift */; };
		CEC26E07227B3E9E00FFFC67 /* Period+CoreDataProperties.swift in Sources */ = {isa = PBXBuildFile; fileRef = CEC26DFE227B3E9E00FFFC67 /* Period+CoreDataProperties.swift */; };
		CEC26E08227B3E9E00FFFC67 /* Period+CoreDataClass.swift in Sources */ = {isa = PBXBuildFile; fileRef = CEC26DFF227B3E9E00FFFC67 /* Period+CoreDataClass.swift */; };
		CEDC433222760BBE00A78890 /* AppDelegate.swift in Sources */ = {isa = PBXBuildFile; fileRef = CEDC433122760BBE00A78890 /* AppDelegate.swift */; };
		CEDC433422760BBE00A78890 /* GetStartedViewController.swift in Sources */ = {isa = PBXBuildFile; fileRef = CEDC433322760BBE00A78890 /* GetStartedViewController.swift */; };
		CEDC433722760BBE00A78890 /* Main.storyboard in Resources */ = {isa = PBXBuildFile; fileRef = CEDC433522760BBE00A78890 /* Main.storyboard */; };
		CEDC433C22760BC000A78890 /* Assets.xcassets in Resources */ = {isa = PBXBuildFile; fileRef = CEDC433B22760BC000A78890 /* Assets.xcassets */; };
		CEDC433F22760BC000A78890 /* LaunchScreen.storyboard in Resources */ = {isa = PBXBuildFile; fileRef = CEDC433D22760BC000A78890 /* LaunchScreen.storyboard */; };
		CEDC434C2276130900A78890 /* Segoe UI Bold Italic.ttf in Resources */ = {isa = PBXBuildFile; fileRef = CEDC43482276130900A78890 /* Segoe UI Bold Italic.ttf */; };
		CEDC434D2276130900A78890 /* Segoe UI Italic.ttf in Resources */ = {isa = PBXBuildFile; fileRef = CEDC43492276130900A78890 /* Segoe UI Italic.ttf */; };
		CEDC434E2276130900A78890 /* Segoe UI Bold.ttf in Resources */ = {isa = PBXBuildFile; fileRef = CEDC434A2276130900A78890 /* Segoe UI Bold.ttf */; };
		CEDC434F2276130900A78890 /* Segoe UI.ttf in Resources */ = {isa = PBXBuildFile; fileRef = CEDC434B2276130900A78890 /* Segoe UI.ttf */; };
		CEDC43512276816C00A78890 /* SetUp1ViewController.swift in Sources */ = {isa = PBXBuildFile; fileRef = CEDC43502276816C00A78890 /* SetUp1ViewController.swift */; };
		CEDC435B22773F8400A78890 /* MainPageViewController.swift in Sources */ = {isa = PBXBuildFile; fileRef = CEDC435A22773F8400A78890 /* MainPageViewController.swift */; };
		CEDC435D22773FAC00A78890 /* ScheduleViewController.swift in Sources */ = {isa = PBXBuildFile; fileRef = CEDC435C22773FAC00A78890 /* ScheduleViewController.swift */; };
		CEDC435F22775DFA00A78890 /* SettingsViewController.swift in Sources */ = {isa = PBXBuildFile; fileRef = CEDC435E22775DFA00A78890 /* SettingsViewController.swift */; };
/* End PBXBuildFile section */

/* Begin PBXFileReference section */
		12817475A8496AB78A3C28C3 /* Pods_TimeStamp.framework */ = {isa = PBXFileReference; explicitFileType = wrapper.framework; includeInIndex = 0; path = Pods_TimeStamp.framework; sourceTree = BUILT_PRODUCTS_DIR; };
		3D9C7440C79988B274B1F14A /* Pods-TimeStamp.release.xcconfig */ = {isa = PBXFileReference; includeInIndex = 1; lastKnownFileType = text.xcconfig; name = "Pods-TimeStamp.release.xcconfig"; path = "Target Support Files/Pods-TimeStamp/Pods-TimeStamp.release.xcconfig"; sourceTree = "<group>"; };
		7C118D26195145B6F602CD7A /* Pods-TimeStamp.debug.xcconfig */ = {isa = PBXFileReference; includeInIndex = 1; lastKnownFileType = text.xcconfig; name = "Pods-TimeStamp.debug.xcconfig"; path = "Target Support Files/Pods-TimeStamp/Pods-TimeStamp.debug.xcconfig"; sourceTree = "<group>"; };
		8A1AEDC622C11598005282FD /* credentials.plist */ = {isa = PBXFileReference; fileEncoding = 4; lastKnownFileType = text.plist.xml; path = credentials.plist; sourceTree = "<group>"; };
		8A1AEDC822C2BDFF005282FD /* TodayToTomorrowShift.swift */ = {isa = PBXFileReference; lastKnownFileType = sourcecode.swift; path = TodayToTomorrowShift.swift; sourceTree = "<group>"; };
		8A1AEDCA22C2BE25005282FD /* TomorrowToTodayShift.swift */ = {isa = PBXFileReference; lastKnownFileType = sourcecode.swift; path = TomorrowToTodayShift.swift; sourceTree = "<group>"; };
		8A1AEDCC22C4148F005282FD /* Event+CoreDataClass.swift */ = {isa = PBXFileReference; lastKnownFileType = sourcecode.swift; path = "Event+CoreDataClass.swift"; sourceTree = "<group>"; };
		8A1AEDCD22C4148F005282FD /* Event+CoreDataProperties.swift */ = {isa = PBXFileReference; lastKnownFileType = sourcecode.swift; path = "Event+CoreDataProperties.swift"; sourceTree = "<group>"; };
		8A1AEDD022C6861D005282FD /* SlideOutView.swift */ = {isa = PBXFileReference; lastKnownFileType = sourcecode.swift; path = SlideOutView.swift; sourceTree = "<group>"; };
		8A1B79F922BEC0C6006FE52A /* SignInViewController.swift */ = {isa = PBXFileReference; lastKnownFileType = sourcecode.swift; path = SignInViewController.swift; sourceTree = "<group>"; };
		8A1B79FB22BEC2AF006FE52A /* MainTabBarViewController.swift */ = {isa = PBXFileReference; lastKnownFileType = sourcecode.swift; path = MainTabBarViewController.swift; sourceTree = "<group>"; };
		8A1B79FD22BEC31D006FE52A /* UtilityViewController.swift */ = {isa = PBXFileReference; lastKnownFileType = sourcecode.swift; path = UtilityViewController.swift; sourceTree = "<group>"; };
		8A1B79FF22BEC40E006FE52A /* NewsTableViewController.swift */ = {isa = PBXFileReference; lastKnownFileType = sourcecode.swift; path = NewsTableViewController.swift; sourceTree = "<group>"; };
		8A1B7A0122BEC878006FE52A /* Q&AViewController.swift */ = {isa = PBXFileReference; lastKnownFileType = sourcecode.swift; path = "Q&AViewController.swift"; sourceTree = "<group>"; };
		8A1B7A0322BEC924006FE52A /* ToDoListViewController.swift */ = {isa = PBXFileReference; lastKnownFileType = sourcecode.swift; path = ToDoListViewController.swift; sourceTree = "<group>"; };
		8A1B7A0522BEC94A006FE52A /* EventItemViewController.swift */ = {isa = PBXFileReference; lastKnownFileType = sourcecode.swift; path = EventItemViewController.swift; sourceTree = "<group>"; };
		8A1B7A0722BECAC7006FE52A /* HouseInfoViewController.swift */ = {isa = PBXFileReference; lastKnownFileType = sourcecode.swift; path = HouseInfoViewController.swift; sourceTree = "<group>"; };
		8A1B7A0922BECB36006FE52A /* CustomThemeViewController.swift */ = {isa = PBXFileReference; lastKnownFileType = sourcecode.swift; path = CustomThemeViewController.swift; sourceTree = "<group>"; };
		8A1B7A0B22BECBCD006FE52A /* RoomBookingViewController.swift */ = {isa = PBXFileReference; lastKnownFileType = sourcecode.swift; path = RoomBookingViewController.swift; sourceTree = "<group>"; };
		8A1B7A0D22BECC58006FE52A /* LostAndFoundViewController.swift */ = {isa = PBXFileReference; lastKnownFileType = sourcecode.swift; path = LostAndFoundViewController.swift; sourceTree = "<group>"; };
		8A1B7A1722BF2995006FE52A /* swipetoright.gif */ = {isa = PBXFileReference; lastKnownFileType = image.gif; path = swipetoright.gif; sourceTree = "<group>"; };
		8A1B7A1B22BF2A7C006FE52A /* swipetoleft.gif */ = {isa = PBXFileReference; lastKnownFileType = image.gif; path = swipetoleft.gif; sourceTree = "<group>"; };
		8A1B7A1E22C0072D006FE52A /* Interactor.swift */ = {isa = PBXFileReference; lastKnownFileType = sourcecode.swift; path = Interactor.swift; sourceTree = "<group>"; };
		8A1B7A2022C00804006FE52A /* MenuHelper.swift */ = {isa = PBXFileReference; lastKnownFileType = sourcecode.swift; path = MenuHelper.swift; sourceTree = "<group>"; };
		8A1B7A2222C018F1006FE52A /* TodayToTomorrowAnimator.swift */ = {isa = PBXFileReference; lastKnownFileType = sourcecode.swift; path = TodayToTomorrowAnimator.swift; sourceTree = "<group>"; };
		8A1B7A2422C01D6F006FE52A /* TomorrowToTodayAnimator.swift */ = {isa = PBXFileReference; lastKnownFileType = sourcecode.swift; path = TomorrowToTodayAnimator.swift; sourceTree = "<group>"; };
		8A5F822122D4F34B00443020 /* TodayTomorrowView.swift */ = {isa = PBXFileReference; lastKnownFileType = sourcecode.swift; path = TodayTomorrowView.swift; sourceTree = "<group>"; };
		8A5F822322D531D700443020 /* TaskEventMenu.swift */ = {isa = PBXFileReference; lastKnownFileType = sourcecode.swift; path = TaskEventMenu.swift; sourceTree = "<group>"; };
		8A5F822522D581F300443020 /* TaskListView.swift */ = {isa = PBXFileReference; lastKnownFileType = sourcecode.swift; path = TaskListView.swift; sourceTree = "<group>"; };
		8A5F822722D581FF00443020 /* EventListView.swift */ = {isa = PBXFileReference; lastKnownFileType = sourcecode.swift; path = EventListView.swift; sourceTree = "<group>"; };
		8A5F822922D5821500443020 /* TaskMenuView.swift */ = {isa = PBXFileReference; lastKnownFileType = sourcecode.swift; path = TaskMenuView.swift; sourceTree = "<group>"; };
		8A5F822B22D5822500443020 /* EventMenuView.swift */ = {isa = PBXFileReference; lastKnownFileType = sourcecode.swift; path = EventMenuView.swift; sourceTree = "<group>"; };
		8A5F822E22D6DB3100443020 /* TaskItemViewController.swift */ = {isa = PBXFileReference; lastKnownFileType = sourcecode.swift; path = TaskItemViewController.swift; sourceTree = "<group>"; };
		8A5F823022D79DFA00443020 /* TaskView.swift */ = {isa = PBXFileReference; lastKnownFileType = sourcecode.swift; path = TaskView.swift; sourceTree = "<group>"; };
		8A5F823222D7A00B00443020 /* ToDo_Task+CoreDataClass.swift */ = {isa = PBXFileReference; lastKnownFileType = sourcecode.swift; path = "ToDo_Task+CoreDataClass.swift"; sourceTree = "<group>"; };
		8A5F823322D7A00B00443020 /* ToDo_Task+CoreDataProperties.swift */ = {isa = PBXFileReference; lastKnownFileType = sourcecode.swift; path = "ToDo_Task+CoreDataProperties.swift"; sourceTree = "<group>"; };
		8A5F823422D7A00B00443020 /* ToDo_TaskTag+CoreDataClass.swift */ = {isa = PBXFileReference; lastKnownFileType = sourcecode.swift; path = "ToDo_TaskTag+CoreDataClass.swift"; sourceTree = "<group>"; };
		8A5F823522D7A00B00443020 /* ToDo_TaskTag+CoreDataProperties.swift */ = {isa = PBXFileReference; lastKnownFileType = sourcecode.swift; path = "ToDo_TaskTag+CoreDataProperties.swift"; sourceTree = "<group>"; };
		8A6780782298C81B00748848 /* EventView.swift */ = {isa = PBXFileReference; lastKnownFileType = sourcecode.swift; path = EventView.swift; sourceTree = "<group>"; };
		8AA2F04322811FF90091EF0F /* HorizontalRightShiftTransition.swift */ = {isa = PBXFileReference; lastKnownFileType = sourcecode.swift; path = HorizontalRightShiftTransition.swift; sourceTree = "<group>"; };
		8AA2F045228123890091EF0F /* HorizontalLeftShiftTransition.swift */ = {isa = PBXFileReference; lastKnownFileType = sourcecode.swift; path = HorizontalLeftShiftTransition.swift; sourceTree = "<group>"; };
		8ABCA53C2282176000A30D36 /* WeeklySchedule+CoreDataClass.swift */ = {isa = PBXFileReference; lastKnownFileType = sourcecode.swift; path = "WeeklySchedule+CoreDataClass.swift"; sourceTree = "<group>"; };
		8ABCA53D2282176000A30D36 /* WeeklySchedule+CoreDataProperties.swift */ = {isa = PBXFileReference; lastKnownFileType = sourcecode.swift; path = "WeeklySchedule+CoreDataProperties.swift"; sourceTree = "<group>"; };
		8AD8620C2297824000412EFF /* Util.swift */ = {isa = PBXFileReference; lastKnownFileType = sourcecode.swift; path = Util.swift; sourceTree = "<group>"; };
		8AD862112298387600412EFF /* enjoyWeekend.gif */ = {isa = PBXFileReference; lastKnownFileType = image.gif; path = enjoyWeekend.gif; sourceTree = "<group>"; };
		8AD8621322983D0B00412EFF /* VerticalUpShiftTransition.swift */ = {isa = PBXFileReference; lastKnownFileType = sourcecode.swift; path = VerticalUpShiftTransition.swift; sourceTree = "<group>"; };
		8AD8621522983D1B00412EFF /* VerticalDownShiftTransition.swift */ = {isa = PBXFileReference; lastKnownFileType = sourcecode.swift; path = VerticalDownShiftTransition.swift; sourceTree = "<group>"; };
		8AD8621722984A3500412EFF /* HorizontalRightShiftTransitionUnwind.swift */ = {isa = PBXFileReference; lastKnownFileType = sourcecode.swift; path = HorizontalRightShiftTransitionUnwind.swift; sourceTree = "<group>"; };
		8AD8621922984A5E00412EFF /* HorizontalLeftShiftTransitionUnwind.swift */ = {isa = PBXFileReference; lastKnownFileType = sourcecode.swift; path = HorizontalLeftShiftTransitionUnwind.swift; sourceTree = "<group>"; };
		8AD8621B22984A9600412EFF /* VerticalUpShiftTransitionUnwind.swift */ = {isa = PBXFileReference; lastKnownFileType = sourcecode.swift; path = VerticalUpShiftTransitionUnwind.swift; sourceTree = "<group>"; };
		8AD8621D22984AB800412EFF /* VerticallyDownShiftTransitionUnwind.swift */ = {isa = PBXFileReference; lastKnownFileType = sourcecode.swift; path = VerticallyDownShiftTransitionUnwind.swift; sourceTree = "<group>"; };
		8AEA785022851D5C0031B030 /* UserDataSettings.swift */ = {isa = PBXFileReference; lastKnownFileType = sourcecode.swift; path = UserDataSettings.swift; sourceTree = "<group>"; };
		CE146D952280BD9900B3922D /* Settings+CoreDataClass.swift */ = {isa = PBXFileReference; lastKnownFileType = sourcecode.swift; path = "Settings+CoreDataClass.swift"; sourceTree = "<group>"; };
		CE146D962280BD9900B3922D /* Settings+CoreDataProperties.swift */ = {isa = PBXFileReference; lastKnownFileType = sourcecode.swift; path = "Settings+CoreDataProperties.swift"; sourceTree = "<group>"; };
		CE2D71482280C71E00F4D89A /* TimeStampModel.xcdatamodel */ = {isa = PBXFileReference; lastKnownFileType = wrapper.xcdatamodel; path = TimeStampModel.xcdatamodel; sourceTree = "<group>"; };
		CE927FEE227A0BCD00EE0A22 /* UserTimetable.swift */ = {isa = PBXFileReference; fileEncoding = 4; lastKnownFileType = sourcecode.swift; path = UserTimetable.swift; sourceTree = "<group>"; };
		CE927FF0227A0BCD00EE0A22 /* ArticleClass.swift */ = {isa = PBXFileReference; fileEncoding = 4; lastKnownFileType = sourcecode.swift; path = ArticleClass.swift; sourceTree = "<group>"; };
		CE927FF1227A0BCD00EE0A22 /* PeriodView.swift */ = {isa = PBXFileReference; fileEncoding = 4; lastKnownFileType = sourcecode.swift; path = PeriodView.swift; sourceTree = "<group>"; };
		CE927FF2227A0BCD00EE0A22 /* RepeatingTimer.swift */ = {isa = PBXFileReference; fileEncoding = 4; lastKnownFileType = sourcecode.swift; path = RepeatingTimer.swift; sourceTree = "<group>"; };
		CE927FF3227A0BCD00EE0A22 /* ScheduleView.swift */ = {isa = PBXFileReference; fileEncoding = 4; lastKnownFileType = sourcecode.swift; path = ScheduleView.swift; sourceTree = "<group>"; };
		CE927FFA227A0EFB00EE0A22 /* GoogleService-Info.plist */ = {isa = PBXFileReference; fileEncoding = 4; lastKnownFileType = text.plist.xml; path = "GoogleService-Info.plist"; sourceTree = "<group>"; };
		CEC26DF7227B3E9E00FFFC67 /* CoreDataStack.swift */ = {isa = PBXFileReference; fileEncoding = 4; lastKnownFileType = sourcecode.swift; path = CoreDataStack.swift; sourceTree = "<group>"; };
		CEC26DF8227B3E9E00FFFC67 /* Schedule+CoreDataProperties.swift */ = {isa = PBXFileReference; fileEncoding = 4; lastKnownFileType = sourcecode.swift; path = "Schedule+CoreDataProperties.swift"; sourceTree = "<group>"; };
		CEC26DF9227B3E9E00FFFC67 /* Timetable+CoreDataProperties.swift */ = {isa = PBXFileReference; fileEncoding = 4; lastKnownFileType = sourcecode.swift; path = "Timetable+CoreDataProperties.swift"; sourceTree = "<group>"; };
		CEC26DFA227B3E9E00FFFC67 /* FlipDay+CoreDataClass.swift */ = {isa = PBXFileReference; fileEncoding = 4; lastKnownFileType = sourcecode.swift; path = "FlipDay+CoreDataClass.swift"; sourceTree = "<group>"; };
		CEC26DFB227B3E9E00FFFC67 /* FlipDay+CoreDataProperties.swift */ = {isa = PBXFileReference; fileEncoding = 4; lastKnownFileType = sourcecode.swift; path = "FlipDay+CoreDataProperties.swift"; sourceTree = "<group>"; };
		CEC26DFC227B3E9E00FFFC67 /* Schedule+CoreDataClass.swift */ = {isa = PBXFileReference; fileEncoding = 4; lastKnownFileType = sourcecode.swift; path = "Schedule+CoreDataClass.swift"; sourceTree = "<group>"; };
		CEC26DFD227B3E9E00FFFC67 /* Timetable+CoreDataClass.swift */ = {isa = PBXFileReference; fileEncoding = 4; lastKnownFileType = sourcecode.swift; path = "Timetable+CoreDataClass.swift"; sourceTree = "<group>"; };
		CEC26DFE227B3E9E00FFFC67 /* Period+CoreDataProperties.swift */ = {isa = PBXFileReference; fileEncoding = 4; lastKnownFileType = sourcecode.swift; path = "Period+CoreDataProperties.swift"; sourceTree = "<group>"; };
		CEC26DFF227B3E9E00FFFC67 /* Period+CoreDataClass.swift */ = {isa = PBXFileReference; fileEncoding = 4; lastKnownFileType = sourcecode.swift; path = "Period+CoreDataClass.swift"; sourceTree = "<group>"; };
		CEDC432E22760BBE00A78890 /* TimeStamp.app */ = {isa = PBXFileReference; explicitFileType = wrapper.application; includeInIndex = 0; path = TimeStamp.app; sourceTree = BUILT_PRODUCTS_DIR; };
		CEDC433122760BBE00A78890 /* AppDelegate.swift */ = {isa = PBXFileReference; lastKnownFileType = sourcecode.swift; path = AppDelegate.swift; sourceTree = "<group>"; };
		CEDC433322760BBE00A78890 /* GetStartedViewController.swift */ = {isa = PBXFileReference; lastKnownFileType = sourcecode.swift; path = GetStartedViewController.swift; sourceTree = "<group>"; };
		CEDC433622760BBE00A78890 /* Base */ = {isa = PBXFileReference; lastKnownFileType = file.storyboard; name = Base; path = Base.lproj/Main.storyboard; sourceTree = "<group>"; };
		CEDC433B22760BC000A78890 /* Assets.xcassets */ = {isa = PBXFileReference; lastKnownFileType = folder.assetcatalog; path = Assets.xcassets; sourceTree = "<group>"; };
		CEDC433E22760BC000A78890 /* Base */ = {isa = PBXFileReference; lastKnownFileType = file.storyboard; name = Base; path = Base.lproj/LaunchScreen.storyboard; sourceTree = "<group>"; };
		CEDC434022760BC000A78890 /* Info.plist */ = {isa = PBXFileReference; lastKnownFileType = text.plist.xml; path = Info.plist; sourceTree = "<group>"; };
		CEDC43482276130900A78890 /* Segoe UI Bold Italic.ttf */ = {isa = PBXFileReference; lastKnownFileType = file; path = "Segoe UI Bold Italic.ttf"; sourceTree = "<group>"; };
		CEDC43492276130900A78890 /* Segoe UI Italic.ttf */ = {isa = PBXFileReference; lastKnownFileType = file; path = "Segoe UI Italic.ttf"; sourceTree = "<group>"; };
		CEDC434A2276130900A78890 /* Segoe UI Bold.ttf */ = {isa = PBXFileReference; lastKnownFileType = file; path = "Segoe UI Bold.ttf"; sourceTree = "<group>"; };
		CEDC434B2276130900A78890 /* Segoe UI.ttf */ = {isa = PBXFileReference; lastKnownFileType = file; path = "Segoe UI.ttf"; sourceTree = "<group>"; };
		CEDC43502276816C00A78890 /* SetUp1ViewController.swift */ = {isa = PBXFileReference; lastKnownFileType = sourcecode.swift; path = SetUp1ViewController.swift; sourceTree = "<group>"; };
		CEDC435A22773F8400A78890 /* MainPageViewController.swift */ = {isa = PBXFileReference; lastKnownFileType = sourcecode.swift; path = MainPageViewController.swift; sourceTree = "<group>"; };
		CEDC435C22773FAC00A78890 /* ScheduleViewController.swift */ = {isa = PBXFileReference; lastKnownFileType = sourcecode.swift; path = ScheduleViewController.swift; sourceTree = "<group>"; };
		CEDC435E22775DFA00A78890 /* SettingsViewController.swift */ = {isa = PBXFileReference; lastKnownFileType = sourcecode.swift; path = SettingsViewController.swift; sourceTree = "<group>"; };
/* End PBXFileReference section */

/* Begin PBXFrameworksBuildPhase section */
		CEDC432B22760BBE00A78890 /* Frameworks */ = {
			isa = PBXFrameworksBuildPhase;
			buildActionMask = 2147483647;
			files = (
				3F1A47B2B1D9B6C8A9CDD880 /* Pods_TimeStamp.framework in Frameworks */,
			);
			runOnlyForDeploymentPostprocessing = 0;
		};
/* End PBXFrameworksBuildPhase section */

/* Begin PBXGroup section */
		133CB3ABD3787B4CDE403165 /* Pods */ = {
			isa = PBXGroup;
			children = (
				7C118D26195145B6F602CD7A /* Pods-TimeStamp.debug.xcconfig */,
				3D9C7440C79988B274B1F14A /* Pods-TimeStamp.release.xcconfig */,
			);
			name = Pods;
			path = ../../Pods;
			sourceTree = "<group>";
		};
		28BF922CBA030C6153F5E5F6 /* Frameworks */ = {
			isa = PBXGroup;
			children = (
				12817475A8496AB78A3C28C3 /* Pods_TimeStamp.framework */,
			);
			name = Frameworks;
			sourceTree = "<group>";
		};
		8A1B7A1D22C006ED006FE52A /* Helpers */ = {
			isa = PBXGroup;
			children = (
				8A1B7A1E22C0072D006FE52A /* Interactor.swift */,
				8A1B7A2022C00804006FE52A /* MenuHelper.swift */,
			);
			path = Helpers;
			sourceTree = "<group>";
		};
		8A5F821F22D4505B00443020 /* Models */ = {
			isa = PBXGroup;
			children = (
				CE927FF0227A0BCD00EE0A22 /* ArticleClass.swift */,
			);
			path = Models;
			sourceTree = "<group>";
		};
		8A5F822022D4506700443020 /* Views */ = {
			isa = PBXGroup;
			children = (
				CE927FF1227A0BCD00EE0A22 /* PeriodView.swift */,
				8A6780782298C81B00748848 /* EventView.swift */,
				CE927FF3227A0BCD00EE0A22 /* ScheduleView.swift */,
				8A5F822122D4F34B00443020 /* TodayTomorrowView.swift */,
				8A1AEDD022C6861D005282FD /* SlideOutView.swift */,
				8A5F822D22D6020000443020 /* To-Do List */,
			);
			path = Views;
			sourceTree = "<group>";
		};
		8A5F822D22D6020000443020 /* To-Do List */ = {
			isa = PBXGroup;
			children = (
				8A5F823022D79DFA00443020 /* TaskView.swift */,
				8A5F822322D531D700443020 /* TaskEventMenu.swift */,
				8A5F822522D581F300443020 /* TaskListView.swift */,
				8A5F822722D581FF00443020 /* EventListView.swift */,
				8A5F822922D5821500443020 /* TaskMenuView.swift */,
				8A5F822B22D5822500443020 /* EventMenuView.swift */,
			);
			path = "To-Do List";
			sourceTree = "<group>";
		};
		8AD862102298385E00412EFF /* GIFs */ = {
			isa = PBXGroup;
			children = (
				8AD862112298387600412EFF /* enjoyWeekend.gif */,
				8A1B7A1722BF2995006FE52A /* swipetoright.gif */,
				8A1B7A1B22BF2A7C006FE52A /* swipetoleft.gif */,
			);
			path = GIFs;
			sourceTree = "<group>";
		};
		8AD8621F22984ACB00412EFF /* Custom Segues */ = {
			isa = PBXGroup;
			children = (
				8A1B7A2222C018F1006FE52A /* TodayToTomorrowAnimator.swift */,
				8A1B7A2422C01D6F006FE52A /* TomorrowToTodayAnimator.swift */,
				8A1AEDC822C2BDFF005282FD /* TodayToTomorrowShift.swift */,
				8A1AEDCA22C2BE25005282FD /* TomorrowToTodayShift.swift */,
				8A1B7A1D22C006ED006FE52A /* Helpers */,
				8AA2F04322811FF90091EF0F /* HorizontalRightShiftTransition.swift */,
				8AD8621722984A3500412EFF /* HorizontalRightShiftTransitionUnwind.swift */,
				8AA2F045228123890091EF0F /* HorizontalLeftShiftTransition.swift */,
				8AD8621922984A5E00412EFF /* HorizontalLeftShiftTransitionUnwind.swift */,
				8AD8621322983D0B00412EFF /* VerticalUpShiftTransition.swift */,
				8AD8621B22984A9600412EFF /* VerticalUpShiftTransitionUnwind.swift */,
				8AD8621522983D1B00412EFF /* VerticalDownShiftTransition.swift */,
				8AD8621D22984AB800412EFF /* VerticallyDownShiftTransitionUnwind.swift */,
			);
			path = "Custom Segues";
			sourceTree = "<group>";
		};
		CE927FED227A0BB200EE0A22 /* Custom Classes */ = {
			isa = PBXGroup;
			children = (
				8AD8620C2297824000412EFF /* Util.swift */,
				CE927FF2227A0BCD00EE0A22 /* RepeatingTimer.swift */,
				CE927FEE227A0BCD00EE0A22 /* UserTimetable.swift */,
				8AEA785022851D5C0031B030 /* UserDataSettings.swift */,
				8AD8621F22984ACB00412EFF /* Custom Segues */,
			);
			path = "Custom Classes";
			sourceTree = "<group>";
		};
		CEC26DF6227B3E9E00FFFC67 /* Data */ = {
			isa = PBXGroup;
			children = (
				8A5F823222D7A00B00443020 /* ToDo_Task+CoreDataClass.swift */,
				8A5F823322D7A00B00443020 /* ToDo_Task+CoreDataProperties.swift */,
				8A5F823422D7A00B00443020 /* ToDo_TaskTag+CoreDataClass.swift */,
				8A5F823522D7A00B00443020 /* ToDo_TaskTag+CoreDataProperties.swift */,
				8A1AEDCC22C4148F005282FD /* Event+CoreDataClass.swift */,
				8A1AEDCD22C4148F005282FD /* Event+CoreDataProperties.swift */,
				8ABCA53C2282176000A30D36 /* WeeklySchedule+CoreDataClass.swift */,
				8ABCA53D2282176000A30D36 /* WeeklySchedule+CoreDataProperties.swift */,
				CE146D952280BD9900B3922D /* Settings+CoreDataClass.swift */,
				CE146D962280BD9900B3922D /* Settings+CoreDataProperties.swift */,
				CEC26DF7227B3E9E00FFFC67 /* CoreDataStack.swift */,
				CEC26DF8227B3E9E00FFFC67 /* Schedule+CoreDataProperties.swift */,
				CEC26DF9227B3E9E00FFFC67 /* Timetable+CoreDataProperties.swift */,
				CEC26DFA227B3E9E00FFFC67 /* FlipDay+CoreDataClass.swift */,
				CEC26DFB227B3E9E00FFFC67 /* FlipDay+CoreDataProperties.swift */,
				CEC26DFC227B3E9E00FFFC67 /* Schedule+CoreDataClass.swift */,
				CEC26DFD227B3E9E00FFFC67 /* Timetable+CoreDataClass.swift */,
				CEC26DFE227B3E9E00FFFC67 /* Period+CoreDataProperties.swift */,
				CEC26DFF227B3E9E00FFFC67 /* Period+CoreDataClass.swift */,
			);
			path = Data;
			sourceTree = "<group>";
		};
		CEDC432522760BBE00A78890 = {
			isa = PBXGroup;
			children = (
				CEDC433022760BBE00A78890 /* TimeStamp */,
				CEDC432F22760BBE00A78890 /* Products */,
				133CB3ABD3787B4CDE403165 /* Pods */,
				28BF922CBA030C6153F5E5F6 /* Frameworks */,
			);
			sourceTree = "<group>";
		};
		CEDC432F22760BBE00A78890 /* Products */ = {
			isa = PBXGroup;
			children = (
				CEDC432E22760BBE00A78890 /* TimeStamp.app */,
			);
			name = Products;
			sourceTree = "<group>";
		};
		CEDC433022760BBE00A78890 /* TimeStamp */ = {
			isa = PBXGroup;
			children = (
				CEDC433122760BBE00A78890 /* AppDelegate.swift */,
				8A5F821F22D4505B00443020 /* Models */,
				8A5F822022D4506700443020 /* Views */,
				CEDC43462276108F00A78890 /* Controllers */,
				CEDC433522760BBE00A78890 /* Main.storyboard */,
				CEDC433D22760BC000A78890 /* LaunchScreen.storyboard */,
				CEDC433B22760BC000A78890 /* Assets.xcassets */,
				8AD862102298385E00412EFF /* GIFs */,
				CEC26DF6227B3E9E00FFFC67 /* Data */,
				CE927FED227A0BB200EE0A22 /* Custom Classes */,
				CEDC4347227612E500A78890 /* Fonts */,
				CE927FFA227A0EFB00EE0A22 /* GoogleService-Info.plist */,
				CEDC434022760BC000A78890 /* Info.plist */,
				8A1AEDC622C11598005282FD /* credentials.plist */,
				CE2D71472280C71E00F4D89A /* TimeStampModel.xcdatamodeld */,
			);
			path = TimeStamp;
			sourceTree = "<group>";
		};
		CEDC43462276108F00A78890 /* Controllers */ = {
			isa = PBXGroup;
			children = (
				CEDC433322760BBE00A78890 /* GetStartedViewController.swift */,
				CEDC43502276816C00A78890 /* SetUp1ViewController.swift */,
				CEDC435C22773FAC00A78890 /* ScheduleViewController.swift */,
				8A1B79FD22BEC31D006FE52A /* UtilityViewController.swift */,
				8A1B7A0722BECAC7006FE52A /* HouseInfoViewController.swift */,
				CEDC435A22773F8400A78890 /* MainPageViewController.swift */,
				CEDC435E22775DFA00A78890 /* SettingsViewController.swift */,
				8A1B79F922BEC0C6006FE52A /* SignInViewController.swift */,
				8A1B79FF22BEC40E006FE52A /* NewsTableViewController.swift */,
				8A1B7A0922BECB36006FE52A /* CustomThemeViewController.swift */,
				8A1B7A0122BEC878006FE52A /* Q&AViewController.swift */,
				8A1B7A0D22BECC58006FE52A /* LostAndFoundViewController.swift */,
				8A1B79FB22BEC2AF006FE52A /* MainTabBarViewController.swift */,
				8A1B7A0322BEC924006FE52A /* ToDoListViewController.swift */,
				8A1B7A0522BEC94A006FE52A /* EventItemViewController.swift */,
				8A5F822E22D6DB3100443020 /* TaskItemViewController.swift */,
				8A1B7A0B22BECBCD006FE52A /* RoomBookingViewController.swift */,
			);
			path = Controllers;
			sourceTree = "<group>";
		};
		CEDC4347227612E500A78890 /* Fonts */ = {
			isa = PBXGroup;
			children = (
				CEDC43482276130900A78890 /* Segoe UI Bold Italic.ttf */,
				CEDC434A2276130900A78890 /* Segoe UI Bold.ttf */,
				CEDC43492276130900A78890 /* Segoe UI Italic.ttf */,
				CEDC434B2276130900A78890 /* Segoe UI.ttf */,
			);
			path = Fonts;
			sourceTree = "<group>";
		};
/* End PBXGroup section */

/* Begin PBXNativeTarget section */
		CEDC432D22760BBE00A78890 /* TimeStamp */ = {
			isa = PBXNativeTarget;
			buildConfigurationList = CEDC434322760BC000A78890 /* Build configuration list for PBXNativeTarget "TimeStamp" */;
			buildPhases = (
				CFCFC21001C6E985F11D6495 /* [CP] Check Pods Manifest.lock */,
				CEDC432A22760BBE00A78890 /* Sources */,
				CEDC432B22760BBE00A78890 /* Frameworks */,
				CEDC432C22760BBE00A78890 /* Resources */,
				41BC878BDE903694F037D218 /* [CP] Embed Pods Frameworks */,
				B2CAD4C3ED3D2F3FAC87CCE0 /* [CP] Copy Pods Resources */,
			);
			buildRules = (
			);
			dependencies = (
			);
			name = TimeStamp;
			productName = TimeStamp;
			productReference = CEDC432E22760BBE00A78890 /* TimeStamp.app */;
			productType = "com.apple.product-type.application";
		};
/* End PBXNativeTarget section */

/* Begin PBXProject section */
		CEDC432622760BBE00A78890 /* Project object */ = {
			isa = PBXProject;
			attributes = {
				LastSwiftUpdateCheck = 1020;
				LastUpgradeCheck = 1020;
				ORGANIZATIONNAME = "Baker Jackson";
				TargetAttributes = {
					CEDC432D22760BBE00A78890 = {
						CreatedOnToolsVersion = 10.2.1;
						SystemCapabilities = {
							com.apple.BackgroundModes = {
								enabled = 1;
							};
						};
					};
				};
			};
			buildConfigurationList = CEDC432922760BBE00A78890 /* Build configuration list for PBXProject "TimeStamp" */;
			compatibilityVersion = "Xcode 9.3";
			developmentRegion = en;
			hasScannedForEncodings = 0;
			knownRegions = (
				en,
				Base,
			);
			mainGroup = CEDC432522760BBE00A78890;
			productRefGroup = CEDC432F22760BBE00A78890 /* Products */;
			projectDirPath = "";
			projectRoot = "";
			targets = (
				CEDC432D22760BBE00A78890 /* TimeStamp */,
			);
		};
/* End PBXProject section */

/* Begin PBXResourcesBuildPhase section */
		CEDC432C22760BBE00A78890 /* Resources */ = {
			isa = PBXResourcesBuildPhase;
			buildActionMask = 2147483647;
			files = (
				CEDC434C2276130900A78890 /* Segoe UI Bold Italic.ttf in Resources */,
				8A1AEDC722C11598005282FD /* credentials.plist in Resources */,
				8AD862122298387600412EFF /* enjoyWeekend.gif in Resources */,
				8A1B7A1C22BF2A7C006FE52A /* swipetoleft.gif in Resources */,
				CE927FFB227A0EFB00EE0A22 /* GoogleService-Info.plist in Resources */,
				CEDC434E2276130900A78890 /* Segoe UI Bold.ttf in Resources */,
				CEDC434F2276130900A78890 /* Segoe UI.ttf in Resources */,
				CEDC434D2276130900A78890 /* Segoe UI Italic.ttf in Resources */,
				CEDC433F22760BC000A78890 /* LaunchScreen.storyboard in Resources */,
				8A1B7A1822BF2995006FE52A /* swipetoright.gif in Resources */,
				CEDC433C22760BC000A78890 /* Assets.xcassets in Resources */,
				CEDC433722760BBE00A78890 /* Main.storyboard in Resources */,
			);
			runOnlyForDeploymentPostprocessing = 0;
		};
/* End PBXResourcesBuildPhase section */

/* Begin PBXShellScriptBuildPhase section */
		41BC878BDE903694F037D218 /* [CP] Embed Pods Frameworks */ = {
			isa = PBXShellScriptBuildPhase;
			buildActionMask = 2147483647;
			files = (
			);
			inputFileListPaths = (
				"${PODS_ROOT}/Target Support Files/Pods-TimeStamp/Pods-TimeStamp-frameworks-${CONFIGURATION}-input-files.xcfilelist",
			);
			name = "[CP] Embed Pods Frameworks";
			outputFileListPaths = (
				"${PODS_ROOT}/Target Support Files/Pods-TimeStamp/Pods-TimeStamp-frameworks-${CONFIGURATION}-output-files.xcfilelist",
			);
			runOnlyForDeploymentPostprocessing = 0;
			shellPath = /bin/sh;
			shellScript = "\"${PODS_ROOT}/Target Support Files/Pods-TimeStamp/Pods-TimeStamp-frameworks.sh\"\n";
			showEnvVarsInLog = 0;
		};
		B2CAD4C3ED3D2F3FAC87CCE0 /* [CP] Copy Pods Resources */ = {
			isa = PBXShellScriptBuildPhase;
			buildActionMask = 2147483647;
			files = (
			);
			inputFileListPaths = (
				"${PODS_ROOT}/Target Support Files/Pods-TimeStamp/Pods-TimeStamp-resources-${CONFIGURATION}-input-files.xcfilelist",
			);
			name = "[CP] Copy Pods Resources";
			outputFileListPaths = (
				"${PODS_ROOT}/Target Support Files/Pods-TimeStamp/Pods-TimeStamp-resources-${CONFIGURATION}-output-files.xcfilelist",
			);
			runOnlyForDeploymentPostprocessing = 0;
			shellPath = /bin/sh;
			shellScript = "\"${PODS_ROOT}/Target Support Files/Pods-TimeStamp/Pods-TimeStamp-resources.sh\"\n";
			showEnvVarsInLog = 0;
		};
		CFCFC21001C6E985F11D6495 /* [CP] Check Pods Manifest.lock */ = {
			isa = PBXShellScriptBuildPhase;
			buildActionMask = 2147483647;
			files = (
			);
			inputFileListPaths = (
			);
			inputPaths = (
				"${PODS_PODFILE_DIR_PATH}/Podfile.lock",
				"${PODS_ROOT}/Manifest.lock",
			);
			name = "[CP] Check Pods Manifest.lock";
			outputFileListPaths = (
			);
			outputPaths = (
				"$(DERIVED_FILE_DIR)/Pods-TimeStamp-checkManifestLockResult.txt",
			);
			runOnlyForDeploymentPostprocessing = 0;
			shellPath = /bin/sh;
			shellScript = "diff \"${PODS_PODFILE_DIR_PATH}/Podfile.lock\" \"${PODS_ROOT}/Manifest.lock\" > /dev/null\nif [ $? != 0 ] ; then\n    # print error to STDERR\n    echo \"error: The sandbox is not in sync with the Podfile.lock. Run 'pod install' or update your CocoaPods installation.\" >&2\n    exit 1\nfi\n# This output is used by Xcode 'outputs' to avoid re-running this script phase.\necho \"SUCCESS\" > \"${SCRIPT_OUTPUT_FILE_0}\"\n";
			showEnvVarsInLog = 0;
		};
/* End PBXShellScriptBuildPhase section */

/* Begin PBXSourcesBuildPhase section */
		CEDC432A22760BBE00A78890 /* Sources */ = {
			isa = PBXSourcesBuildPhase;
			buildActionMask = 2147483647;
			files = (
				8A1B7A0422BEC924006FE52A /* ToDoListViewController.swift in Sources */,
				CE927FF9227A0BCD00EE0A22 /* ScheduleView.swift in Sources */,
				8A5F822C22D5822500443020 /* EventMenuView.swift in Sources */,
				8A5F822A22D5821500443020 /* TaskMenuView.swift in Sources */,
				8AD8621C22984A9600412EFF /* VerticalUpShiftTransitionUnwind.swift in Sources */,
				CEDC433422760BBE00A78890 /* GetStartedViewController.swift in Sources */,
				8A1AEDCB22C2BE25005282FD /* TomorrowToTodayShift.swift in Sources */,
				8A1AEDC922C2BDFF005282FD /* TodayToTomorrowShift.swift in Sources */,
				8A1B7A0222BEC878006FE52A /* Q&AViewController.swift in Sources */,
				CEDC435F22775DFA00A78890 /* SettingsViewController.swift in Sources */,
				8A1B7A0022BEC40E006FE52A /* NewsTableViewController.swift in Sources */,
				8A1B7A0C22BECBCD006FE52A /* RoomBookingViewController.swift in Sources */,
				8A6780792298C81B00748848 /* EventView.swift in Sources */,
				CE2D71492280C71E00F4D89A /* TimeStampModel.xcdatamodeld in Sources */,
				8AA2F046228123890091EF0F /* HorizontalLeftShiftTransition.swift in Sources */,
				8A1B7A0622BEC94A006FE52A /* EventItemViewController.swift in Sources */,
				8A5F823622D7A00B00443020 /* ToDo_Task+CoreDataClass.swift in Sources */,
				8AD8621622983D1B00412EFF /* VerticalDownShiftTransition.swift in Sources */,
				8AD8620D2297824000412EFF /* Util.swift in Sources */,
				CEDC43512276816C00A78890 /* SetUp1ViewController.swift in Sources */,
				8ABCA53F2282176000A30D36 /* WeeklySchedule+CoreDataProperties.swift in Sources */,
				8A5F823822D7A00B00443020 /* ToDo_TaskTag+CoreDataClass.swift in Sources */,
				CEDC435D22773FAC00A78890 /* ScheduleViewController.swift in Sources */,
				CE927FF7227A0BCD00EE0A22 /* PeriodView.swift in Sources */,
				8A1B7A2122C00804006FE52A /* MenuHelper.swift in Sources */,
				8A5F823122D79DFA00443020 /* TaskView.swift in Sources */,
				8A1AEDD122C6861D005282FD /* SlideOutView.swift in Sources */,
				8A5F823922D7A00B00443020 /* ToDo_TaskTag+CoreDataProperties.swift in Sources */,
				8A5F823722D7A00B00443020 /* ToDo_Task+CoreDataProperties.swift in Sources */,
				CEC26E07227B3E9E00FFFC67 /* Period+CoreDataProperties.swift in Sources */,
				CE927FF8227A0BCD00EE0A22 /* RepeatingTimer.swift in Sources */,
				CE146D982280BD9900B3922D /* Settings+CoreDataProperties.swift in Sources */,
				8A1B7A0E22BECC58006FE52A /* LostAndFoundViewController.swift in Sources */,
				CEC26E02227B3E9E00FFFC67 /* Timetable+CoreDataProperties.swift in Sources */,
				8A1B7A2522C01D6F006FE52A /* TomorrowToTodayAnimator.swift in Sources */,
				8A1B7A0822BECAC7006FE52A /* HouseInfoViewController.swift in Sources */,
				CEC26E04227B3E9E00FFFC67 /* FlipDay+CoreDataProperties.swift in Sources */,
				CEDC433222760BBE00A78890 /* AppDelegate.swift in Sources */,
				CEC26E01227B3E9E00FFFC67 /* Schedule+CoreDataProperties.swift in Sources */,
				8AD8621A22984A5E00412EFF /* HorizontalLeftShiftTransitionUnwind.swift in Sources */,
				CE146D972280BD9900B3922D /* Settings+CoreDataClass.swift in Sources */,
				CEC26E00227B3E9E00FFFC67 /* CoreDataStack.swift in Sources */,
				CEC26E08227B3E9E00FFFC67 /* Period+CoreDataClass.swift in Sources */,
				8ABCA53E2282176000A30D36 /* WeeklySchedule+CoreDataClass.swift in Sources */,
				CEC26E03227B3E9E00FFFC67 /* FlipDay+CoreDataClass.swift in Sources */,
				8A1AEDCF22C4148F005282FD /* Event+CoreDataProperties.swift in Sources */,
				CEC26E06227B3E9E00FFFC67 /* Timetable+CoreDataClass.swift in Sources */,
				8A1B79FA22BEC0C6006FE52A /* SignInViewController.swift in Sources */,
				8AD8621822984A3500412EFF /* HorizontalRightShiftTransitionUnwind.swift in Sources */,
				CEDC435B22773F8400A78890 /* MainPageViewController.swift in Sources */,
				8AD8621E22984AB800412EFF /* VerticallyDownShiftTransitionUnwind.swift in Sources */,
				8A5F822622D581F300443020 /* TaskListView.swift in Sources */,
				CEC26E05227B3E9E00FFFC67 /* Schedule+CoreDataClass.swift in Sources */,
				8A1B79FE22BEC31D006FE52A /* UtilityViewController.swift in Sources */,
				8A1B79FC22BEC2AF006FE52A /* MainTabBarViewController.swift in Sources */,
				8A5F822222D4F34B00443020 /* TodayTomorrowView.swift in Sources */,
				8AEA785122851D5C0031B030 /* UserDataSettings.swift in Sources */,
				CE927FF4227A0BCD00EE0A22 /* UserTimetable.swift in Sources */,
				CE927FF6227A0BCD00EE0A22 /* ArticleClass.swift in Sources */,
				8A1B7A2322C018F1006FE52A /* TodayToTomorrowAnimator.swift in Sources */,
				8A1B7A0A22BECB36006FE52A /* CustomThemeViewController.swift in Sources */,
				8AA2F04422811FF90091EF0F /* HorizontalRightShiftTransition.swift in Sources */,
				8A5F822822D581FF00443020 /* EventListView.swift in Sources */,
				8A1AEDCE22C4148F005282FD /* Event+CoreDataClass.swift in Sources */,
				8A5F822F22D6DB3100443020 /* TaskItemViewController.swift in Sources */,
				8A1B7A1F22C0072D006FE52A /* Interactor.swift in Sources */,
				8A5F822422D531D700443020 /* TaskEventMenu.swift in Sources */,
				8AD8621422983D0B00412EFF /* VerticalUpShiftTransition.swift in Sources */,
			);
			runOnlyForDeploymentPostprocessing = 0;
		};
/* End PBXSourcesBuildPhase section */

/* Begin PBXVariantGroup section */
		CEDC433522760BBE00A78890 /* Main.storyboard */ = {
			isa = PBXVariantGroup;
			children = (
				CEDC433622760BBE00A78890 /* Base */,
			);
			name = Main.storyboard;
			sourceTree = "<group>";
		};
		CEDC433D22760BC000A78890 /* LaunchScreen.storyboard */ = {
			isa = PBXVariantGroup;
			children = (
				CEDC433E22760BC000A78890 /* Base */,
			);
			name = LaunchScreen.storyboard;
			sourceTree = "<group>";
		};
/* End PBXVariantGroup section */

/* Begin XCBuildConfiguration section */
		CEDC434122760BC000A78890 /* Debug */ = {
			isa = XCBuildConfiguration;
			buildSettings = {
				ALWAYS_SEARCH_USER_PATHS = NO;
				CLANG_ANALYZER_NONNULL = YES;
				CLANG_ANALYZER_NUMBER_OBJECT_CONVERSION = YES_AGGRESSIVE;
				CLANG_CXX_LANGUAGE_STANDARD = "gnu++14";
				CLANG_CXX_LIBRARY = "libc++";
				CLANG_ENABLE_MODULES = YES;
				CLANG_ENABLE_OBJC_ARC = YES;
				CLANG_ENABLE_OBJC_WEAK = YES;
				CLANG_WARN_BLOCK_CAPTURE_AUTORELEASING = YES;
				CLANG_WARN_BOOL_CONVERSION = YES;
				CLANG_WARN_COMMA = YES;
				CLANG_WARN_CONSTANT_CONVERSION = YES;
				CLANG_WARN_DEPRECATED_OBJC_IMPLEMENTATIONS = YES;
				CLANG_WARN_DIRECT_OBJC_ISA_USAGE = YES_ERROR;
				CLANG_WARN_DOCUMENTATION_COMMENTS = YES;
				CLANG_WARN_EMPTY_BODY = YES;
				CLANG_WARN_ENUM_CONVERSION = YES;
				CLANG_WARN_INFINITE_RECURSION = YES;
				CLANG_WARN_INT_CONVERSION = YES;
				CLANG_WARN_NON_LITERAL_NULL_CONVERSION = YES;
				CLANG_WARN_OBJC_IMPLICIT_RETAIN_SELF = YES;
				CLANG_WARN_OBJC_LITERAL_CONVERSION = YES;
				CLANG_WARN_OBJC_ROOT_CLASS = YES_ERROR;
				CLANG_WARN_RANGE_LOOP_ANALYSIS = YES;
				CLANG_WARN_STRICT_PROTOTYPES = YES;
				CLANG_WARN_SUSPICIOUS_MOVE = YES;
				CLANG_WARN_UNGUARDED_AVAILABILITY = YES_AGGRESSIVE;
				CLANG_WARN_UNREACHABLE_CODE = YES;
				CLANG_WARN__DUPLICATE_METHOD_MATCH = YES;
				CODE_SIGN_IDENTITY = "iPhone Developer";
				COPY_PHASE_STRIP = NO;
				DEBUG_INFORMATION_FORMAT = dwarf;
				ENABLE_STRICT_OBJC_MSGSEND = YES;
				ENABLE_TESTABILITY = YES;
				GCC_C_LANGUAGE_STANDARD = gnu11;
				GCC_DYNAMIC_NO_PIC = NO;
				GCC_NO_COMMON_BLOCKS = YES;
				GCC_OPTIMIZATION_LEVEL = 0;
				GCC_PREPROCESSOR_DEFINITIONS = (
					"DEBUG=1",
					"$(inherited)",
				);
				GCC_WARN_64_TO_32_BIT_CONVERSION = YES;
				GCC_WARN_ABOUT_RETURN_TYPE = YES_ERROR;
				GCC_WARN_UNDECLARED_SELECTOR = YES;
				GCC_WARN_UNINITIALIZED_AUTOS = YES_AGGRESSIVE;
				GCC_WARN_UNUSED_FUNCTION = YES;
				GCC_WARN_UNUSED_VARIABLE = YES;
				IPHONEOS_DEPLOYMENT_TARGET = 10.0;
				MTL_ENABLE_DEBUG_INFO = INCLUDE_SOURCE;
				MTL_FAST_MATH = YES;
				ONLY_ACTIVE_ARCH = YES;
				SDKROOT = iphoneos;
				SWIFT_ACTIVE_COMPILATION_CONDITIONS = DEBUG;
				SWIFT_OPTIMIZATION_LEVEL = "-Onone";
			};
			name = Debug;
		};
		CEDC434222760BC000A78890 /* Release */ = {
			isa = XCBuildConfiguration;
			buildSettings = {
				ALWAYS_SEARCH_USER_PATHS = NO;
				CLANG_ANALYZER_NONNULL = YES;
				CLANG_ANALYZER_NUMBER_OBJECT_CONVERSION = YES_AGGRESSIVE;
				CLANG_CXX_LANGUAGE_STANDARD = "gnu++14";
				CLANG_CXX_LIBRARY = "libc++";
				CLANG_ENABLE_MODULES = YES;
				CLANG_ENABLE_OBJC_ARC = YES;
				CLANG_ENABLE_OBJC_WEAK = YES;
				CLANG_WARN_BLOCK_CAPTURE_AUTORELEASING = YES;
				CLANG_WARN_BOOL_CONVERSION = YES;
				CLANG_WARN_COMMA = YES;
				CLANG_WARN_CONSTANT_CONVERSION = YES;
				CLANG_WARN_DEPRECATED_OBJC_IMPLEMENTATIONS = YES;
				CLANG_WARN_DIRECT_OBJC_ISA_USAGE = YES_ERROR;
				CLANG_WARN_DOCUMENTATION_COMMENTS = YES;
				CLANG_WARN_EMPTY_BODY = YES;
				CLANG_WARN_ENUM_CONVERSION = YES;
				CLANG_WARN_INFINITE_RECURSION = YES;
				CLANG_WARN_INT_CONVERSION = YES;
				CLANG_WARN_NON_LITERAL_NULL_CONVERSION = YES;
				CLANG_WARN_OBJC_IMPLICIT_RETAIN_SELF = YES;
				CLANG_WARN_OBJC_LITERAL_CONVERSION = YES;
				CLANG_WARN_OBJC_ROOT_CLASS = YES_ERROR;
				CLANG_WARN_RANGE_LOOP_ANALYSIS = YES;
				CLANG_WARN_STRICT_PROTOTYPES = YES;
				CLANG_WARN_SUSPICIOUS_MOVE = YES;
				CLANG_WARN_UNGUARDED_AVAILABILITY = YES_AGGRESSIVE;
				CLANG_WARN_UNREACHABLE_CODE = YES;
				CLANG_WARN__DUPLICATE_METHOD_MATCH = YES;
				CODE_SIGN_IDENTITY = "iPhone Developer";
				COPY_PHASE_STRIP = NO;
				DEBUG_INFORMATION_FORMAT = "dwarf-with-dsym";
				ENABLE_NS_ASSERTIONS = NO;
				ENABLE_STRICT_OBJC_MSGSEND = YES;
				GCC_C_LANGUAGE_STANDARD = gnu11;
				GCC_NO_COMMON_BLOCKS = YES;
				GCC_WARN_64_TO_32_BIT_CONVERSION = YES;
				GCC_WARN_ABOUT_RETURN_TYPE = YES_ERROR;
				GCC_WARN_UNDECLARED_SELECTOR = YES;
				GCC_WARN_UNINITIALIZED_AUTOS = YES_AGGRESSIVE;
				GCC_WARN_UNUSED_FUNCTION = YES;
				GCC_WARN_UNUSED_VARIABLE = YES;
				IPHONEOS_DEPLOYMENT_TARGET = 10.0;
				MTL_ENABLE_DEBUG_INFO = NO;
				MTL_FAST_MATH = YES;
				SDKROOT = iphoneos;
				SWIFT_COMPILATION_MODE = wholemodule;
				SWIFT_OPTIMIZATION_LEVEL = "-O";
				VALIDATE_PRODUCT = YES;
			};
			name = Release;
		};
		CEDC434422760BC000A78890 /* Debug */ = {
			isa = XCBuildConfiguration;
			baseConfigurationReference = 7C118D26195145B6F602CD7A /* Pods-TimeStamp.debug.xcconfig */;
			buildSettings = {
				CODE_SIGN_STYLE = Automatic;
				DEVELOPMENT_TEAM = N8Z8T3YH7D;
				INFOPLIST_FILE = TimeStamp/Info.plist;
				IPHONEOS_DEPLOYMENT_TARGET = 10.0;
				LD_RUNPATH_SEARCH_PATHS = (
					"$(inherited)",
					"@executable_path/Frameworks",
				);
				PRODUCT_BUNDLE_IDENTIFIER = "com.UTS-development.timestamp";
				PRODUCT_NAME = "$(TARGET_NAME)";
				SWIFT_VERSION = 4.2;
				TARGETED_DEVICE_FAMILY = 1;
			};
			name = Debug;
		};
		CEDC434522760BC000A78890 /* Release */ = {
			isa = XCBuildConfiguration;
			baseConfigurationReference = 3D9C7440C79988B274B1F14A /* Pods-TimeStamp.release.xcconfig */;
			buildSettings = {
				CODE_SIGN_STYLE = Automatic;
				DEVELOPMENT_TEAM = N8Z8T3YH7D;
				INFOPLIST_FILE = TimeStamp/Info.plist;
				IPHONEOS_DEPLOYMENT_TARGET = 10.0;
				LD_RUNPATH_SEARCH_PATHS = (
					"$(inherited)",
					"@executable_path/Frameworks",
				);
				PRODUCT_BUNDLE_IDENTIFIER = "com.UTS-development.timestamp";
				PRODUCT_NAME = "$(TARGET_NAME)";
				SWIFT_VERSION = 4.2;
				TARGETED_DEVICE_FAMILY = 1;
			};
			name = Release;
		};
/* End XCBuildConfiguration section */

/* Begin XCConfigurationList section */
		CEDC432922760BBE00A78890 /* Build configuration list for PBXProject "TimeStamp" */ = {
			isa = XCConfigurationList;
			buildConfigurations = (
				CEDC434122760BC000A78890 /* Debug */,
				CEDC434222760BC000A78890 /* Release */,
			);
			defaultConfigurationIsVisible = 0;
			defaultConfigurationName = Release;
		};
		CEDC434322760BC000A78890 /* Build configuration list for PBXNativeTarget "TimeStamp" */ = {
			isa = XCConfigurationList;
			buildConfigurations = (
				CEDC434422760BC000A78890 /* Debug */,
				CEDC434522760BC000A78890 /* Release */,
			);
			defaultConfigurationIsVisible = 0;
			defaultConfigurationName = Release;
		};
/* End XCConfigurationList section */

/* Begin XCVersionGroup section */
		CE2D71472280C71E00F4D89A /* TimeStampModel.xcdatamodeld */ = {
			isa = XCVersionGroup;
			children = (
				CE2D71482280C71E00F4D89A /* TimeStampModel.xcdatamodel */,
			);
			currentVersion = CE2D71482280C71E00F4D89A /* TimeStampModel.xcdatamodel */;
			path = TimeStampModel.xcdatamodeld;
			sourceTree = "<group>";
			versionGroupType = wrapper.xcdatamodel;
		};
/* End XCVersionGroup section */
	};
	rootObject = CEDC432622760BBE00A78890 /* Project object */;
}
